// !$*UTF8*$!
{
	archiveVersion = 1;
	classes = {
	};
	objectVersion = 50;
	objects = {

/* Begin PBXBuildFile section */
		160AC84126DFC0190044FE5D /* ShadowView.swift in Sources */ = {isa = PBXBuildFile; fileRef = 160AC84026DFC0190044FE5D /* ShadowView.swift */; };
		1641393F26D4134600287F22 /* FriendsViewController.swift in Sources */ = {isa = PBXBuildFile; fileRef = 1641393E26D4134600287F22 /* FriendsViewController.swift */; };
		1654819726D6A365002F8292 /* User.swift in Sources */ = {isa = PBXBuildFile; fileRef = 1654819626D6A365002F8292 /* User.swift */; };
		1654819A26D6A3F8002F8292 /* Group.swift in Sources */ = {isa = PBXBuildFile; fileRef = 1654819926D6A3F8002F8292 /* Group.swift */; };
		1654819D26D7A65C002F8292 /* FriendsCell.swift in Sources */ = {isa = PBXBuildFile; fileRef = 1654819B26D7A65C002F8292 /* FriendsCell.swift */; };
		1654819E26D7A65C002F8292 /* FriendsCell.xib in Resources */ = {isa = PBXBuildFile; fileRef = 1654819C26D7A65C002F8292 /* FriendsCell.xib */; };
		165481A126D7CF1A002F8292 /* FriendDetailsCollectionViewController.swift in Sources */ = {isa = PBXBuildFile; fileRef = 165481A026D7CF1A002F8292 /* FriendDetailsCollectionViewController.swift */; };
		165481A626D95171002F8292 /* FriendCollectionViewCell.swift in Sources */ = {isa = PBXBuildFile; fileRef = 165481A426D95171002F8292 /* FriendCollectionViewCell.swift */; };
		165481A726D95171002F8292 /* FriendCollectionViewCell.xib in Resources */ = {isa = PBXBuildFile; fileRef = 165481A526D95171002F8292 /* FriendCollectionViewCell.xib */; };
		165481A926D95CA8002F8292 /* GroupsViewController.swift in Sources */ = {isa = PBXBuildFile; fileRef = 165481A826D95CA8002F8292 /* GroupsViewController.swift */; };
		165481B026D9606B002F8292 /* GroupsViewCell.swift in Sources */ = {isa = PBXBuildFile; fileRef = 165481AE26D9606B002F8292 /* GroupsViewCell.swift */; };
		165481B126D9606B002F8292 /* GroupsViewCell.xib in Resources */ = {isa = PBXBuildFile; fileRef = 165481AF26D9606B002F8292 /* GroupsViewCell.xib */; };
		165481B326DBCB34002F8292 /* Groups.swift in Sources */ = {isa = PBXBuildFile; fileRef = 165481B226DBCB34002F8292 /* Groups.swift */; };
		165481B526DCE450002F8292 /* AddGroupsViewController.swift in Sources */ = {isa = PBXBuildFile; fileRef = 165481B426DCE450002F8292 /* AddGroupsViewController.swift */; };
		16DF759E26CA7E3000150AB2 /* AppDelegate.swift in Sources */ = {isa = PBXBuildFile; fileRef = 16DF759D26CA7E3000150AB2 /* AppDelegate.swift */; };
		16DF75A026CA7E3000150AB2 /* SceneDelegate.swift in Sources */ = {isa = PBXBuildFile; fileRef = 16DF759F26CA7E3000150AB2 /* SceneDelegate.swift */; };
		16DF75A226CA7E3000150AB2 /* LoginViewController.swift in Sources */ = {isa = PBXBuildFile; fileRef = 16DF75A126CA7E3000150AB2 /* LoginViewController.swift */; };
		16DF75A526CA7E3000150AB2 /* Main.storyboard in Resources */ = {isa = PBXBuildFile; fileRef = 16DF75A326CA7E3000150AB2 /* Main.storyboard */; };
		16DF75A726CA7E3100150AB2 /* Assets.xcassets in Resources */ = {isa = PBXBuildFile; fileRef = 16DF75A626CA7E3100150AB2 /* Assets.xcassets */; };
		16DF75AA26CA7E3100150AB2 /* LaunchScreen.storyboard in Resources */ = {isa = PBXBuildFile; fileRef = 16DF75A826CA7E3100150AB2 /* LaunchScreen.storyboard */; };
/* End PBXBuildFile section */

/* Begin PBXFileReference section */
		160AC84026DFC0190044FE5D /* ShadowView.swift */ = {isa = PBXFileReference; lastKnownFileType = sourcecode.swift; path = ShadowView.swift; sourceTree = "<group>"; };
		1641393E26D4134600287F22 /* FriendsViewController.swift */ = {isa = PBXFileReference; lastKnownFileType = sourcecode.swift; path = FriendsViewController.swift; sourceTree = "<group>"; };
		1654819626D6A365002F8292 /* User.swift */ = {isa = PBXFileReference; lastKnownFileType = sourcecode.swift; path = User.swift; sourceTree = "<group>"; };
		1654819926D6A3F8002F8292 /* Group.swift */ = {isa = PBXFileReference; lastKnownFileType = sourcecode.swift; path = Group.swift; sourceTree = "<group>"; };
		1654819B26D7A65C002F8292 /* FriendsCell.swift */ = {isa = PBXFileReference; lastKnownFileType = sourcecode.swift; path = FriendsCell.swift; sourceTree = "<group>"; };
		1654819C26D7A65C002F8292 /* FriendsCell.xib */ = {isa = PBXFileReference; lastKnownFileType = file.xib; path = FriendsCell.xib; sourceTree = "<group>"; };
		165481A026D7CF1A002F8292 /* FriendDetailsCollectionViewController.swift */ = {isa = PBXFileReference; lastKnownFileType = sourcecode.swift; path = FriendDetailsCollectionViewController.swift; sourceTree = "<group>"; };
		165481A426D95171002F8292 /* FriendCollectionViewCell.swift */ = {isa = PBXFileReference; lastKnownFileType = sourcecode.swift; path = FriendCollectionViewCell.swift; sourceTree = "<group>"; };
		165481A526D95171002F8292 /* FriendCollectionViewCell.xib */ = {isa = PBXFileReference; lastKnownFileType = file.xib; path = FriendCollectionViewCell.xib; sourceTree = "<group>"; };
		165481A826D95CA8002F8292 /* GroupsViewController.swift */ = {isa = PBXFileReference; lastKnownFileType = sourcecode.swift; path = GroupsViewController.swift; sourceTree = "<group>"; };
		165481AE26D9606B002F8292 /* GroupsViewCell.swift */ = {isa = PBXFileReference; lastKnownFileType = sourcecode.swift; path = GroupsViewCell.swift; sourceTree = "<group>"; };
		165481AF26D9606B002F8292 /* GroupsViewCell.xib */ = {isa = PBXFileReference; lastKnownFileType = file.xib; path = GroupsViewCell.xib; sourceTree = "<group>"; };
		165481B226DBCB34002F8292 /* Groups.swift */ = {isa = PBXFileReference; lastKnownFileType = sourcecode.swift; path = Groups.swift; sourceTree = "<group>"; };
		165481B426DCE450002F8292 /* AddGroupsViewController.swift */ = {isa = PBXFileReference; lastKnownFileType = sourcecode.swift; path = AddGroupsViewController.swift; sourceTree = "<group>"; };
		16DF759A26CA7E3000150AB2 /* VKClientApp.app */ = {isa = PBXFileReference; explicitFileType = wrapper.application; includeInIndex = 0; path = VKClientApp.app; sourceTree = BUILT_PRODUCTS_DIR; };
		16DF759D26CA7E3000150AB2 /* AppDelegate.swift */ = {isa = PBXFileReference; lastKnownFileType = sourcecode.swift; path = AppDelegate.swift; sourceTree = "<group>"; };
		16DF759F26CA7E3000150AB2 /* SceneDelegate.swift */ = {isa = PBXFileReference; lastKnownFileType = sourcecode.swift; path = SceneDelegate.swift; sourceTree = "<group>"; };
		16DF75A126CA7E3000150AB2 /* LoginViewController.swift */ = {isa = PBXFileReference; lastKnownFileType = sourcecode.swift; path = LoginViewController.swift; sourceTree = "<group>"; };
		16DF75A426CA7E3000150AB2 /* Base */ = {isa = PBXFileReference; lastKnownFileType = file.storyboard; name = Base; path = Base.lproj/Main.storyboard; sourceTree = "<group>"; };
		16DF75A626CA7E3100150AB2 /* Assets.xcassets */ = {isa = PBXFileReference; lastKnownFileType = folder.assetcatalog; path = Assets.xcassets; sourceTree = "<group>"; };
		16DF75A926CA7E3100150AB2 /* Base */ = {isa = PBXFileReference; lastKnownFileType = file.storyboard; name = Base; path = Base.lproj/LaunchScreen.storyboard; sourceTree = "<group>"; };
		16DF75AB26CA7E3100150AB2 /* Info.plist */ = {isa = PBXFileReference; lastKnownFileType = text.plist.xml; path = Info.plist; sourceTree = "<group>"; };
/* End PBXFileReference section */

/* Begin PBXFrameworksBuildPhase section */
		16DF759726CA7E3000150AB2 /* Frameworks */ = {
			isa = PBXFrameworksBuildPhase;
			buildActionMask = 2147483647;
			files = (
			);
			runOnlyForDeploymentPostprocessing = 0;
		};
/* End PBXFrameworksBuildPhase section */

/* Begin PBXGroup section */
		1654819826D6A371002F8292 /* Models */ = {
			isa = PBXGroup;
			children = (
				1654819626D6A365002F8292 /* User.swift */,
				1654819926D6A3F8002F8292 /* Group.swift */,
				165481B226DBCB34002F8292 /* Groups.swift */,
			);
			path = Models;
			sourceTree = "<group>";
		};
		1654819F26D7A667002F8292 /* Cells */ = {
			isa = PBXGroup;
			children = (
				1654819B26D7A65C002F8292 /* FriendsCell.swift */,
				1654819C26D7A65C002F8292 /* FriendsCell.xib */,
				165481A426D95171002F8292 /* FriendCollectionViewCell.swift */,
				165481A526D95171002F8292 /* FriendCollectionViewCell.xib */,
				165481AE26D9606B002F8292 /* GroupsViewCell.swift */,
				165481AF26D9606B002F8292 /* GroupsViewCell.xib */,
			);
			path = Cells;
			sourceTree = "<group>";
		};
		165481B826DE4C8B002F8292 /* CustomViews */ = {
			isa = PBXGroup;
			children = (
				160AC84026DFC0190044FE5D /* ShadowView.swift */,
			);
			path = CustomViews;
			sourceTree = "<group>";
		};
		16DF759126CA7E2F00150AB2 = {
			isa = PBXGroup;
			children = (
				16DF759C26CA7E3000150AB2 /* VKClientApp */,
				16DF759B26CA7E3000150AB2 /* Products */,
			);
			sourceTree = "<group>";
		};
		16DF759B26CA7E3000150AB2 /* Products */ = {
			isa = PBXGroup;
			children = (
				16DF759A26CA7E3000150AB2 /* VKClientApp.app */,
			);
			name = Products;
			sourceTree = "<group>";
		};
		16DF759C26CA7E3000150AB2 /* VKClientApp */ = {
			isa = PBXGroup;
			children = (
				16DF759D26CA7E3000150AB2 /* AppDelegate.swift */,
				16DF759F26CA7E3000150AB2 /* SceneDelegate.swift */,
				16DF75B126CA7E8600150AB2 /* Controllers */,
				16DF75B226CA7ECC00150AB2 /* View */,
				16DF75A626CA7E3100150AB2 /* Assets.xcassets */,
				16DF75A826CA7E3100150AB2 /* LaunchScreen.storyboard */,
				16DF75AB26CA7E3100150AB2 /* Info.plist */,
				1654819826D6A371002F8292 /* Models */,
				165481B826DE4C8B002F8292 /* CustomViews */,
			);
			path = VKClientApp;
			sourceTree = "<group>";
		};
		16DF75B126CA7E8600150AB2 /* Controllers */ = {
			isa = PBXGroup;
			children = (
				16DF75A126CA7E3000150AB2 /* LoginViewController.swift */,
				1641393E26D4134600287F22 /* FriendsViewController.swift */,
				165481A026D7CF1A002F8292 /* FriendDetailsCollectionViewController.swift */,
				165481A826D95CA8002F8292 /* GroupsViewController.swift */,
				165481B426DCE450002F8292 /* AddGroupsViewController.swift */,
			);
			path = Controllers;
			sourceTree = "<group>";
		};
		16DF75B226CA7ECC00150AB2 /* View */ = {
			isa = PBXGroup;
			children = (
				16DF75A326CA7E3000150AB2 /* Main.storyboard */,
				1654819F26D7A667002F8292 /* Cells */,
			);
			path = View;
			sourceTree = "<group>";
		};
/* End PBXGroup section */

/* Begin PBXNativeTarget section */
		16DF759926CA7E3000150AB2 /* VKClientApp */ = {
			isa = PBXNativeTarget;
			buildConfigurationList = 16DF75AE26CA7E3100150AB2 /* Build configuration list for PBXNativeTarget "VKClientApp" */;
			buildPhases = (
				16DF759626CA7E3000150AB2 /* Sources */,
				16DF759726CA7E3000150AB2 /* Frameworks */,
				16DF759826CA7E3000150AB2 /* Resources */,
			);
			buildRules = (
			);
			dependencies = (
			);
			name = VKClientApp;
			productName = VKClientApp;
			productReference = 16DF759A26CA7E3000150AB2 /* VKClientApp.app */;
			productType = "com.apple.product-type.application";
		};
/* End PBXNativeTarget section */

/* Begin PBXProject section */
		16DF759226CA7E2F00150AB2 /* Project object */ = {
			isa = PBXProject;
			attributes = {
				LastSwiftUpdateCheck = 1250;
				LastUpgradeCheck = 1250;
				TargetAttributes = {
					16DF759926CA7E3000150AB2 = {
						CreatedOnToolsVersion = 12.5.1;
					};
				};
			};
			buildConfigurationList = 16DF759526CA7E2F00150AB2 /* Build configuration list for PBXProject "VKClientApp" */;
			compatibilityVersion = "Xcode 9.3";
			developmentRegion = en;
			hasScannedForEncodings = 0;
			knownRegions = (
				en,
				Base,
			);
			mainGroup = 16DF759126CA7E2F00150AB2;
			productRefGroup = 16DF759B26CA7E3000150AB2 /* Products */;
			projectDirPath = "";
			projectRoot = "";
			targets = (
				16DF759926CA7E3000150AB2 /* VKClientApp */,
			);
		};
/* End PBXProject section */

/* Begin PBXResourcesBuildPhase section */
		16DF759826CA7E3000150AB2 /* Resources */ = {
			isa = PBXResourcesBuildPhase;
			buildActionMask = 2147483647;
			files = (
				165481A726D95171002F8292 /* FriendCollectionViewCell.xib in Resources */,
				16DF75AA26CA7E3100150AB2 /* LaunchScreen.storyboard in Resources */,
				165481B126D9606B002F8292 /* GroupsViewCell.xib in Resources */,
				16DF75A726CA7E3100150AB2 /* Assets.xcassets in Resources */,
				16DF75A526CA7E3000150AB2 /* Main.storyboard in Resources */,
				1654819E26D7A65C002F8292 /* FriendsCell.xib in Resources */,
			);
			runOnlyForDeploymentPostprocessing = 0;
		};
/* End PBXResourcesBuildPhase section */

/* Begin PBXSourcesBuildPhase section */
		16DF759626CA7E3000150AB2 /* Sources */ = {
			isa = PBXSourcesBuildPhase;
			buildActionMask = 2147483647;
			files = (
				1641393F26D4134600287F22 /* FriendsViewController.swift in Sources */,
				165481B526DCE450002F8292 /* AddGroupsViewController.swift in Sources */,
				165481A626D95171002F8292 /* FriendCollectionViewCell.swift in Sources */,
				16DF75A226CA7E3000150AB2 /* LoginViewController.swift in Sources */,
				1654819726D6A365002F8292 /* User.swift in Sources */,
				165481B026D9606B002F8292 /* GroupsViewCell.swift in Sources */,
				165481A926D95CA8002F8292 /* GroupsViewController.swift in Sources */,
				165481A126D7CF1A002F8292 /* FriendDetailsCollectionViewController.swift in Sources */,
				1654819A26D6A3F8002F8292 /* Group.swift in Sources */,
				160AC84126DFC0190044FE5D /* ShadowView.swift in Sources */,
				16DF759E26CA7E3000150AB2 /* AppDelegate.swift in Sources */,
				16DF75A026CA7E3000150AB2 /* SceneDelegate.swift in Sources */,
				1654819D26D7A65C002F8292 /* FriendsCell.swift in Sources */,
				165481B326DBCB34002F8292 /* Groups.swift in Sources */,
			);
			runOnlyForDeploymentPostprocessing = 0;
		};
/* End PBXSourcesBuildPhase section */

/* Begin PBXVariantGroup section */
		16DF75A326CA7E3000150AB2 /* Main.storyboard */ = {
			isa = PBXVariantGroup;
			children = (
				16DF75A426CA7E3000150AB2 /* Base */,
			);
			name = Main.storyboard;
			sourceTree = "<group>";
		};
		16DF75A826CA7E3100150AB2 /* LaunchScreen.storyboard */ = {
			isa = PBXVariantGroup;
			children = (
				16DF75A926CA7E3100150AB2 /* Base */,
			);
			name = LaunchScreen.storyboard;
			sourceTree = "<group>";
		};
/* End PBXVariantGroup section */

/* Begin XCBuildConfiguration section */
		16DF75AC26CA7E3100150AB2 /* Debug */ = {
			isa = XCBuildConfiguration;
			buildSettings = {
				ALWAYS_SEARCH_USER_PATHS = NO;
				CLANG_ANALYZER_NONNULL = YES;
				CLANG_ANALYZER_NUMBER_OBJECT_CONVERSION = YES_AGGRESSIVE;
				CLANG_CXX_LANGUAGE_STANDARD = "gnu++14";
				CLANG_CXX_LIBRARY = "libc++";
				CLANG_ENABLE_MODULES = YES;
				CLANG_ENABLE_OBJC_ARC = YES;
				CLANG_ENABLE_OBJC_WEAK = YES;
				CLANG_WARN_BLOCK_CAPTURE_AUTORELEASING = YES;
				CLANG_WARN_BOOL_CONVERSION = YES;
				CLANG_WARN_COMMA = YES;
				CLANG_WARN_CONSTANT_CONVERSION = YES;
				CLANG_WARN_DEPRECATED_OBJC_IMPLEMENTATIONS = YES;
				CLANG_WARN_DIRECT_OBJC_ISA_USAGE = YES_ERROR;
				CLANG_WARN_DOCUMENTATION_COMMENTS = YES;
				CLANG_WARN_EMPTY_BODY = YES;
				CLANG_WARN_ENUM_CONVERSION = YES;
				CLANG_WARN_INFINITE_RECURSION = YES;
				CLANG_WARN_INT_CONVERSION = YES;
				CLANG_WARN_NON_LITERAL_NULL_CONVERSION = YES;
				CLANG_WARN_OBJC_IMPLICIT_RETAIN_SELF = YES;
				CLANG_WARN_OBJC_LITERAL_CONVERSION = YES;
				CLANG_WARN_OBJC_ROOT_CLASS = YES_ERROR;
				CLANG_WARN_QUOTED_INCLUDE_IN_FRAMEWORK_HEADER = YES;
				CLANG_WARN_RANGE_LOOP_ANALYSIS = YES;
				CLANG_WARN_STRICT_PROTOTYPES = YES;
				CLANG_WARN_SUSPICIOUS_MOVE = YES;
				CLANG_WARN_UNGUARDED_AVAILABILITY = YES_AGGRESSIVE;
				CLANG_WARN_UNREACHABLE_CODE = YES;
				CLANG_WARN__DUPLICATE_METHOD_MATCH = YES;
				COPY_PHASE_STRIP = NO;
				DEBUG_INFORMATION_FORMAT = dwarf;
				ENABLE_STRICT_OBJC_MSGSEND = YES;
				ENABLE_TESTABILITY = YES;
				GCC_C_LANGUAGE_STANDARD = gnu11;
				GCC_DYNAMIC_NO_PIC = NO;
				GCC_NO_COMMON_BLOCKS = YES;
				GCC_OPTIMIZATION_LEVEL = 0;
				GCC_PREPROCESSOR_DEFINITIONS = (
					"DEBUG=1",
					"$(inherited)",
				);
				GCC_WARN_64_TO_32_BIT_CONVERSION = YES;
				GCC_WARN_ABOUT_RETURN_TYPE = YES_ERROR;
				GCC_WARN_UNDECLARED_SELECTOR = YES;
				GCC_WARN_UNINITIALIZED_AUTOS = YES_AGGRESSIVE;
				GCC_WARN_UNUSED_FUNCTION = YES;
				GCC_WARN_UNUSED_VARIABLE = YES;
				IPHONEOS_DEPLOYMENT_TARGET = 14.5;
				MTL_ENABLE_DEBUG_INFO = INCLUDE_SOURCE;
				MTL_FAST_MATH = YES;
				ONLY_ACTIVE_ARCH = YES;
				SDKROOT = iphoneos;
				SWIFT_ACTIVE_COMPILATION_CONDITIONS = DEBUG;
				SWIFT_OPTIMIZATION_LEVEL = "-Onone";
			};
			name = Debug;
		};
		16DF75AD26CA7E3100150AB2 /* Release */ = {
			isa = XCBuildConfiguration;
			buildSettings = {
				ALWAYS_SEARCH_USER_PATHS = NO;
				CLANG_ANALYZER_NONNULL = YES;
				CLANG_ANALYZER_NUMBER_OBJECT_CONVERSION = YES_AGGRESSIVE;
				CLANG_CXX_LANGUAGE_STANDARD = "gnu++14";
				CLANG_CXX_LIBRARY = "libc++";
				CLANG_ENABLE_MODULES = YES;
				CLANG_ENABLE_OBJC_ARC = YES;
				CLANG_ENABLE_OBJC_WEAK = YES;
				CLANG_WARN_BLOCK_CAPTURE_AUTORELEASING = YES;
				CLANG_WARN_BOOL_CONVERSION = YES;
				CLANG_WARN_COMMA = YES;
				CLANG_WARN_CONSTANT_CONVERSION = YES;
				CLANG_WARN_DEPRECATED_OBJC_IMPLEMENTATIONS = YES;
				CLANG_WARN_DIRECT_OBJC_ISA_USAGE = YES_ERROR;
				CLANG_WARN_DOCUMENTATION_COMMENTS = YES;
				CLANG_WARN_EMPTY_BODY = YES;
				CLANG_WARN_ENUM_CONVERSION = YES;
				CLANG_WARN_INFINITE_RECURSION = YES;
				CLANG_WARN_INT_CONVERSION = YES;
				CLANG_WARN_NON_LITERAL_NULL_CONVERSION = YES;
				CLANG_WARN_OBJC_IMPLICIT_RETAIN_SELF = YES;
				CLANG_WARN_OBJC_LITERAL_CONVERSION = YES;
				CLANG_WARN_OBJC_ROOT_CLASS = YES_ERROR;
				CLANG_WARN_QUOTED_INCLUDE_IN_FRAMEWORK_HEADER = YES;
				CLANG_WARN_RANGE_LOOP_ANALYSIS = YES;
				CLANG_WARN_STRICT_PROTOTYPES = YES;
				CLANG_WARN_SUSPICIOUS_MOVE = YES;
				CLANG_WARN_UNGUARDED_AVAILABILITY = YES_AGGRESSIVE;
				CLANG_WARN_UNREACHABLE_CODE = YES;
				CLANG_WARN__DUPLICATE_METHOD_MATCH = YES;
				COPY_PHASE_STRIP = NO;
				DEBUG_INFORMATION_FORMAT = "dwarf-with-dsym";
				ENABLE_NS_ASSERTIONS = NO;
				ENABLE_STRICT_OBJC_MSGSEND = YES;
				GCC_C_LANGUAGE_STANDARD = gnu11;
				GCC_NO_COMMON_BLOCKS = YES;
				GCC_WARN_64_TO_32_BIT_CONVERSION = YES;
				GCC_WARN_ABOUT_RETURN_TYPE = YES_ERROR;
				GCC_WARN_UNDECLARED_SELECTOR = YES;
				GCC_WARN_UNINITIALIZED_AUTOS = YES_AGGRESSIVE;
				GCC_WARN_UNUSED_FUNCTION = YES;
				GCC_WARN_UNUSED_VARIABLE = YES;
				IPHONEOS_DEPLOYMENT_TARGET = 14.5;
				MTL_ENABLE_DEBUG_INFO = NO;
				MTL_FAST_MATH = YES;
				SDKROOT = iphoneos;
				SWIFT_COMPILATION_MODE = wholemodule;
				SWIFT_OPTIMIZATION_LEVEL = "-O";
				VALIDATE_PRODUCT = YES;
			};
			name = Release;
		};
		16DF75AF26CA7E3100150AB2 /* Debug */ = {
			isa = XCBuildConfiguration;
			buildSettings = {
				ASSETCATALOG_COMPILER_APPICON_NAME = AppIcon;
				ASSETCATALOG_COMPILER_GLOBAL_ACCENT_COLOR_NAME = AccentColor;
				CODE_SIGN_STYLE = Automatic;
				DEVELOPMENT_TEAM = 3FDD944J59;
				INFOPLIST_FILE = VKClientApp/Info.plist;
				LD_RUNPATH_SEARCH_PATHS = (
					"$(inherited)",
					"@executable_path/Frameworks",
				);
				PRODUCT_BUNDLE_IDENTIFIER = com.alexey.shinkarev.VKClientApp;
				PRODUCT_NAME = "$(TARGET_NAME)";
				SWIFT_VERSION = 5.0;
				TARGETED_DEVICE_FAMILY = "1,2";
			};
			name = Debug;
		};
		16DF75B026CA7E3100150AB2 /* Release */ = {
			isa = XCBuildConfiguration;
			buildSettings = {
				ASSETCATALOG_COMPILER_APPICON_NAME = AppIcon;
				ASSETCATALOG_COMPILER_GLOBAL_ACCENT_COLOR_NAME = AccentColor;
				CODE_SIGN_STYLE = Automatic;
				DEVELOPMENT_TEAM = 3FDD944J59;
				INFOPLIST_FILE = VKClientApp/Info.plist;
				LD_RUNPATH_SEARCH_PATHS = (
					"$(inherited)",
					"@executable_path/Frameworks",
				);
				PRODUCT_BUNDLE_IDENTIFIER = com.alexey.shinkarev.VKClientApp;
				PRODUCT_NAME = "$(TARGET_NAME)";
				SWIFT_VERSION = 5.0;
				TARGETED_DEVICE_FAMILY = "1,2";
			};
			name = Release;
		};
/* End XCBuildConfiguration section */

/* Begin XCConfigurationList section */
		16DF759526CA7E2F00150AB2 /* Build configuration list for PBXProject "VKClientApp" */ = {
			isa = XCConfigurationList;
			buildConfigurations = (
				16DF75AC26CA7E3100150AB2 /* Debug */,
				16DF75AD26CA7E3100150AB2 /* Release */,
			);
			defaultConfigurationIsVisible = 0;
			defaultConfigurationName = Release;
		};
		16DF75AE26CA7E3100150AB2 /* Build configuration list for PBXNativeTarget "VKClientApp" */ = {
			isa = XCConfigurationList;
			buildConfigurations = (
				16DF75AF26CA7E3100150AB2 /* Debug */,
				16DF75B026CA7E3100150AB2 /* Release */,
			);
			defaultConfigurationIsVisible = 0;
			defaultConfigurationName = Release;
		};
/* End XCConfigurationList section */
	};
	rootObject = 16DF759226CA7E2F00150AB2 /* Project object */;
}
