// !$*UTF8*$!
{
	archiveVersion = 1;
	classes = {
	};
	objectVersion = 52;
	objects = {

/* Begin PBXBuildFile section */
		160AC84126DFC0190044FE5D /* ShadowView.swift in Sources */ = {isa = PBXBuildFile; fileRef = 160AC84026DFC0190044FE5D /* ShadowView.swift */; };
		1611E3D8275511A00062EC6D /* NewsProtocol.swift in Sources */ = {isa = PBXBuildFile; fileRef = 1611E3D7275511A00062EC6D /* NewsProtocol.swift */; };
		1611E3DD2755F43B0062EC6D /* NewsSection.swift in Sources */ = {isa = PBXBuildFile; fileRef = 1611E3DC2755F43B0062EC6D /* NewsSection.swift */; };
		161A7E982719F41800AD1BF5 /* PhotoViewController.swift in Sources */ = {isa = PBXBuildFile; fileRef = 161A7E972719F41800AD1BF5 /* PhotoViewController.swift */; };
		16212F3B27E3507A004B23D3 /* EntityViewModel.swift in Sources */ = {isa = PBXBuildFile; fileRef = 16212F3A27E3507A004B23D3 /* EntityViewModel.swift */; };
		16212F3D27E353DE004B23D3 /* PhotoViewModel.swift in Sources */ = {isa = PBXBuildFile; fileRef = 16212F3C27E353DE004B23D3 /* PhotoViewModel.swift */; };
		16212F3F27E35519004B23D3 /* NewsViewModel.swift in Sources */ = {isa = PBXBuildFile; fileRef = 16212F3E27E35519004B23D3 /* NewsViewModel.swift */; };
		16212F4227E3592D004B23D3 /* UserViewModelFactory.swift in Sources */ = {isa = PBXBuildFile; fileRef = 16212F4127E3592D004B23D3 /* UserViewModelFactory.swift */; };
		16212F4427E35BF8004B23D3 /* GroupViewModelFactory.swift in Sources */ = {isa = PBXBuildFile; fileRef = 16212F4327E35BF8004B23D3 /* GroupViewModelFactory.swift */; };
		16212F4627E35D19004B23D3 /* PhotoViewModelFactory.swift in Sources */ = {isa = PBXBuildFile; fileRef = 16212F4527E35D19004B23D3 /* PhotoViewModelFactory.swift */; };
		16212F4927E3AE47004B23D3 /* FriendCollectionViewCell.swift in Sources */ = {isa = PBXBuildFile; fileRef = 16212F4727E3AE47004B23D3 /* FriendCollectionViewCell.swift */; };
		16212F4A27E3AE47004B23D3 /* FriendCollectionViewCell.xib in Resources */ = {isa = PBXBuildFile; fileRef = 16212F4827E3AE47004B23D3 /* FriendCollectionViewCell.xib */; };
		16212F4C27E3BCA4004B23D3 /* NewsSectionFactory.swift in Sources */ = {isa = PBXBuildFile; fileRef = 16212F4B27E3BCA4004B23D3 /* NewsSectionFactory.swift */; };
		1640A3D127133CCC0039A888 /* Photo.swift in Sources */ = {isa = PBXBuildFile; fileRef = 1640A3D027133CCC0039A888 /* Photo.swift */; };
		1640A3D327133DB70039A888 /* Image.swift in Sources */ = {isa = PBXBuildFile; fileRef = 1640A3D227133DB70039A888 /* Image.swift */; };
		1640A3D52713A4B60039A888 /* ResponseCode.swift in Sources */ = {isa = PBXBuildFile; fileRef = 1640A3D42713A4B60039A888 /* ResponseCode.swift */; };
		1640A3D8271736CE0039A888 /* FriendsTableHeader.swift in Sources */ = {isa = PBXBuildFile; fileRef = 1640A3D7271736CE0039A888 /* FriendsTableHeader.swift */; };
		1641393F26D4134600287F22 /* FriendsViewController.swift in Sources */ = {isa = PBXBuildFile; fileRef = 1641393E26D4134600287F22 /* FriendsViewController.swift */; };
		1643176A274D6EF5009695A7 /* NewsPhoto.swift in Sources */ = {isa = PBXBuildFile; fileRef = 16431769274D6EF5009695A7 /* NewsPhoto.swift */; };
		164A1BAF27BA800D005C5BED /* NewsDataProvider.swift in Sources */ = {isa = PBXBuildFile; fileRef = 164A1BAE27BA800D005C5BED /* NewsDataProvider.swift */; };
		164A1BB127BA85E6005C5BED /* ImageProvider.swift in Sources */ = {isa = PBXBuildFile; fileRef = 164A1BB027BA85E6005C5BED /* ImageProvider.swift */; };
		1654819726D6A365002F8292 /* User.swift in Sources */ = {isa = PBXBuildFile; fileRef = 1654819626D6A365002F8292 /* User.swift */; };
		1654819A26D6A3F8002F8292 /* Group.swift in Sources */ = {isa = PBXBuildFile; fileRef = 1654819926D6A3F8002F8292 /* Group.swift */; };
		1654819D26D7A65C002F8292 /* FriendsCell.swift in Sources */ = {isa = PBXBuildFile; fileRef = 1654819B26D7A65C002F8292 /* FriendsCell.swift */; };
		1654819E26D7A65C002F8292 /* FriendsCell.xib in Resources */ = {isa = PBXBuildFile; fileRef = 1654819C26D7A65C002F8292 /* FriendsCell.xib */; };
		165481A126D7CF1A002F8292 /* FriendDetailsCollectionViewController.swift in Sources */ = {isa = PBXBuildFile; fileRef = 165481A026D7CF1A002F8292 /* FriendDetailsCollectionViewController.swift */; };
		165481A926D95CA8002F8292 /* GroupsViewController.swift in Sources */ = {isa = PBXBuildFile; fileRef = 165481A826D95CA8002F8292 /* GroupsViewController.swift */; };
		165481B026D9606B002F8292 /* GroupsViewCell.swift in Sources */ = {isa = PBXBuildFile; fileRef = 165481AE26D9606B002F8292 /* GroupsViewCell.swift */; };
		165481B126D9606B002F8292 /* GroupsViewCell.xib in Resources */ = {isa = PBXBuildFile; fileRef = 165481AF26D9606B002F8292 /* GroupsViewCell.xib */; };
		165481B526DCE450002F8292 /* AddGroupsViewController.swift in Sources */ = {isa = PBXBuildFile; fileRef = 165481B426DCE450002F8292 /* AddGroupsViewController.swift */; };
		165D1DD8274D63D700CCAE51 /* PhotoNews.swift in Sources */ = {isa = PBXBuildFile; fileRef = 165D1DD7274D63D700CCAE51 /* PhotoNews.swift */; };
		1661E693271D5AA700E57BC0 /* RealmService.swift in Sources */ = {isa = PBXBuildFile; fileRef = 1661E692271D5AA700E57BC0 /* RealmService.swift */; };
		1662A93727073A2A004A52F8 /* VKWebLoginController.swift in Sources */ = {isa = PBXBuildFile; fileRef = 1662A93627073A2A004A52F8 /* VKWebLoginController.swift */; };
		1662A93A2707592A004A52F8 /* APIService.swift in Sources */ = {isa = PBXBuildFile; fileRef = 1662A9392707592A004A52F8 /* APIService.swift */; };
		1662A93C27076694004A52F8 /* EndPoint.swift in Sources */ = {isa = PBXBuildFile; fileRef = 1662A93B27076694004A52F8 /* EndPoint.swift */; };
		167012B527D92D6700C26F1F /* UIColor+ApplicationColors.swift in Sources */ = {isa = PBXBuildFile; fileRef = 167012B427D92D6700C26F1F /* UIColor+ApplicationColors.swift */; };
		167012BA27D9F2BC00C26F1F /* APIAdapter.swift in Sources */ = {isa = PBXBuildFile; fileRef = 167012B927D9F2BC00C26F1F /* APIAdapter.swift */; };
		167012BC27D9F36900C26F1F /* APIAdapterProtocol.swift in Sources */ = {isa = PBXBuildFile; fileRef = 167012BB27D9F36900C26F1F /* APIAdapterProtocol.swift */; };
		16784B73283119840062AE6F /* CodingStyle in Frameworks */ = {isa = PBXBuildFile; productRef = 16784B72283119840062AE6F /* CodingStyle */; };
		167BB17A2822CFE500F1CCE2 /* AuthView.swift in Sources */ = {isa = PBXBuildFile; fileRef = 167BB1792822CFE500F1CCE2 /* AuthView.swift */; };
		167BB17C28230C5000F1CCE2 /* UIApplication+endEditing.swift in Sources */ = {isa = PBXBuildFile; fileRef = 167BB17B28230C5000F1CCE2 /* UIApplication+endEditing.swift */; };
		167BB17E282426F000F1CCE2 /* LoginViewControllerSwiftUI.swift in Sources */ = {isa = PBXBuildFile; fileRef = 167BB17D282426F000F1CCE2 /* LoginViewControllerSwiftUI.swift */; };
		16807BB526F9290000A232F0 /* NavigationControllerAnimation.swift in Sources */ = {isa = PBXBuildFile; fileRef = 16807BB426F9290000A232F0 /* NavigationControllerAnimation.swift */; };
		16807BB726F9297100A232F0 /* CustomNavigationController.swift in Sources */ = {isa = PBXBuildFile; fileRef = 16807BB626F9297100A232F0 /* CustomNavigationController.swift */; };
		16851D6A26F699B400BF3A55 /* Direction.swift in Sources */ = {isa = PBXBuildFile; fileRef = 16851D6926F699B400BF3A55 /* Direction.swift */; };
		1693547E27468C0A00FFE851 /* NewsSourceCell.swift in Sources */ = {isa = PBXBuildFile; fileRef = 1693547C27468C0A00FFE851 /* NewsSourceCell.swift */; };
		1693547F27468C0A00FFE851 /* NewsSourceCell.xib in Resources */ = {isa = PBXBuildFile; fileRef = 1693547D27468C0A00FFE851 /* NewsSourceCell.xib */; };
		169354812746B6E000FFE851 /* CellConfigurationProtocol.swift in Sources */ = {isa = PBXBuildFile; fileRef = 169354802746B6E000FFE851 /* CellConfigurationProtocol.swift */; };
		1697729F27AB16650067FFE0 /* AsyncOperation.swift in Sources */ = {isa = PBXBuildFile; fileRef = 1697729E27AB16650067FFE0 /* AsyncOperation.swift */; };
		169772A127AB16F90067FFE0 /* RestApiOperation.swift in Sources */ = {isa = PBXBuildFile; fileRef = 169772A027AB16F90067FFE0 /* RestApiOperation.swift */; };
		169772A327AB1C370067FFE0 /* ParseDataOperation.swift in Sources */ = {isa = PBXBuildFile; fileRef = 169772A227AB1C370067FFE0 /* ParseDataOperation.swift */; };
		169772A527AB291A0067FFE0 /* RealmDeleteOperation.swift in Sources */ = {isa = PBXBuildFile; fileRef = 169772A427AB291A0067FFE0 /* RealmDeleteOperation.swift */; };
		169DD8B1276235E300769DA6 /* NewsFlags.swift in Sources */ = {isa = PBXBuildFile; fileRef = 169DD8B0276235E300769DA6 /* NewsFlags.swift */; };
		16A58F7F2791D0F60038E65B /* NewsTextCell.swift in Sources */ = {isa = PBXBuildFile; fileRef = 16A58F7D2791D0F60038E65B /* NewsTextCell.swift */; };
		16A58F802791D0F60038E65B /* NewsTextCell.xib in Resources */ = {isa = PBXBuildFile; fileRef = 16A58F7E2791D0F60038E65B /* NewsTextCell.xib */; };
		16A58F862791D4D80038E65B /* NewsFeedSectionHeaderView.xib in Resources */ = {isa = PBXBuildFile; fileRef = 16A58F842791D4D80038E65B /* NewsFeedSectionHeaderView.xib */; };
		16B30A01282EE3A40061CC76 /* ASCollectionView in Frameworks */ = {isa = PBXBuildFile; productRef = 16B30A00282EE3A40061CC76 /* ASCollectionView */; };
		16B30A03282F5FA40061CC76 /* DetachableObject.swift in Sources */ = {isa = PBXBuildFile; fileRef = 16B30A02282F5FA40061CC76 /* DetachableObject.swift */; };
		16B4EFDE27DFC87C00A0D4AA /* News.swift in Sources */ = {isa = PBXBuildFile; fileRef = 16B4EFDD27DFC87C00A0D4AA /* News.swift */; };
		16BA1908270484F800EBD36B /* AppSettings.swift in Sources */ = {isa = PBXBuildFile; fileRef = 16BA1907270484F800EBD36B /* AppSettings.swift */; };
		16BA190B2704B4FE00EBD36B /* GroupsViewControllerProtocol.swift in Sources */ = {isa = PBXBuildFile; fileRef = 16BA190A2704B4FE00EBD36B /* GroupsViewControllerProtocol.swift */; };
		16BCDAAD270DFE240066B16C /*  Response.swift in Sources */ = {isa = PBXBuildFile; fileRef = 16BCDAAC270DFE240066B16C /*  Response.swift */; };
		16C106A227ABF9F6001E548A /* RealmInsertOperation.swift in Sources */ = {isa = PBXBuildFile; fileRef = 16C106A127ABF9F6001E548A /* RealmInsertOperation.swift */; };
		16C106A427AC0E8F001E548A /* QueuedOperations.swift in Sources */ = {isa = PBXBuildFile; fileRef = 16C106A327AC0E8F001E548A /* QueuedOperations.swift */; };
		16C106AA27AED37B001E548A /* IdProtocol.swift in Sources */ = {isa = PBXBuildFile; fileRef = 16C106A927AED37B001E548A /* IdProtocol.swift */; };
		16C49BBC27A103ED00C9F537 /* NewsAttachment.swift in Sources */ = {isa = PBXBuildFile; fileRef = 16C49BBB27A103ED00C9F537 /* NewsAttachment.swift */; };
		16C53F252741496B003E19ED /* NewsTableViewController.swift in Sources */ = {isa = PBXBuildFile; fileRef = 16C53F242741496B003E19ED /* NewsTableViewController.swift */; };
		16C53F27274228C7003E19ED /* ResponseNews.swift in Sources */ = {isa = PBXBuildFile; fileRef = 16C53F26274228C7003E19ED /* ResponseNews.swift */; };
		16C53F292742539A003E19ED /* PostNews.swift in Sources */ = {isa = PBXBuildFile; fileRef = 16C53F282742539A003E19ED /* PostNews.swift */; };
		16C53F3A274507E5003E19ED /* NewsImageCell.swift in Sources */ = {isa = PBXBuildFile; fileRef = 16C53F38274507E5003E19ED /* NewsImageCell.swift */; };
		16C53F3B274507E5003E19ED /* NewsImageCell.xib in Resources */ = {isa = PBXBuildFile; fileRef = 16C53F39274507E5003E19ED /* NewsImageCell.xib */; };
		16C53F3E27450814003E19ED /* NewsLikesCell.swift in Sources */ = {isa = PBXBuildFile; fileRef = 16C53F3C27450814003E19ED /* NewsLikesCell.swift */; };
		16C53F3F27450815003E19ED /* NewsLikesCell.xib in Resources */ = {isa = PBXBuildFile; fileRef = 16C53F3D27450814003E19ED /* NewsLikesCell.xib */; };
		16C73E982791A8C400B11E45 /* NewsImage.swift in Sources */ = {isa = PBXBuildFile; fileRef = 16C73E972791A8C400B11E45 /* NewsImage.swift */; };
		16CFC2DF27BAA20F00454C9B /* PhotoDataProvider.swift in Sources */ = {isa = PBXBuildFile; fileRef = 16CFC2DE27BAA20F00454C9B /* PhotoDataProvider.swift */; };
		16D0EFEA27F841FD00DDB0BC /* APIAdapterProxy.swift in Sources */ = {isa = PBXBuildFile; fileRef = 16D0EFE927F841FD00DDB0BC /* APIAdapterProxy.swift */; };
		16D0EFEC27F8422300DDB0BC /* APIAdapterProxyProtocol.swift in Sources */ = {isa = PBXBuildFile; fileRef = 16D0EFEB27F8422300DDB0BC /* APIAdapterProxyProtocol.swift */; };
		16D33883282BAC2E0054E0EE /* FriendViewCell.swift in Sources */ = {isa = PBXBuildFile; fileRef = 16D33882282BAC2E0054E0EE /* FriendViewCell.swift */; };
		16D33885282BACD00054E0EE /* LogoBuilder.swift in Sources */ = {isa = PBXBuildFile; fileRef = 16D33884282BACD00054E0EE /* LogoBuilder.swift */; };
		16D33887282BAD100054E0EE /* ShadowModifier.swift in Sources */ = {isa = PBXBuildFile; fileRef = 16D33886282BAD100054E0EE /* ShadowModifier.swift */; };
		16D33889282BAFCF0054E0EE /* NameBuilder.swift in Sources */ = {isa = PBXBuildFile; fileRef = 16D33888282BAFCF0054E0EE /* NameBuilder.swift */; };
		16D3388B282BC09C0054E0EE /* GroupViewCell.swift in Sources */ = {isa = PBXBuildFile; fileRef = 16D3388A282BC09C0054E0EE /* GroupViewCell.swift */; };
		16D33891282CC6A10054E0EE /* WebLoginView.swift in Sources */ = {isa = PBXBuildFile; fileRef = 16D33890282CC6A10054E0EE /* WebLoginView.swift */; };
		16D33893282CC8550054E0EE /* WebViewNavigationDelegate.swift in Sources */ = {isa = PBXBuildFile; fileRef = 16D33892282CC8550054E0EE /* WebViewNavigationDelegate.swift */; };
		16D33895282CCEC10054E0EE /* ContentView.swift in Sources */ = {isa = PBXBuildFile; fileRef = 16D33894282CCEC10054E0EE /* ContentView.swift */; };
		16D33897282CCF360054E0EE /* TabBarView.swift in Sources */ = {isa = PBXBuildFile; fileRef = 16D33896282CCF360054E0EE /* TabBarView.swift */; };
		16D3389A282CFB090054E0EE /* VKClientApp.swift in Sources */ = {isa = PBXBuildFile; fileRef = 16D33899282CFB090054E0EE /* VKClientApp.swift */; };
		16D3389C282D03240054E0EE /* FriendsView.swift in Sources */ = {isa = PBXBuildFile; fileRef = 16D3389B282D03230054E0EE /* FriendsView.swift */; };
		16D338A0282D08FB0054E0EE /* NewsView.swift in Sources */ = {isa = PBXBuildFile; fileRef = 16D3389F282D08FB0054E0EE /* NewsView.swift */; };
		16D338A2282D09EF0054E0EE /* GroupsView.swift in Sources */ = {isa = PBXBuildFile; fileRef = 16D338A1282D09EF0054E0EE /* GroupsView.swift */; };
		16D338A4282D0BAC0054E0EE /* PhotoViewCell.swift in Sources */ = {isa = PBXBuildFile; fileRef = 16D338A3282D0BAC0054E0EE /* PhotoViewCell.swift */; };
		16D338A7282D0EB10054E0EE /* SDWebImageSwiftUI in Frameworks */ = {isa = PBXBuildFile; productRef = 16D338A6282D0EB10054E0EE /* SDWebImageSwiftUI */; };
		16D338A9282D10EF0054E0EE /* FriendsViewModel.swift in Sources */ = {isa = PBXBuildFile; fileRef = 16D338A8282D10EF0054E0EE /* FriendsViewModel.swift */; };
		16D338AB282D115B0054E0EE /* GroupsViewModel.swift in Sources */ = {isa = PBXBuildFile; fileRef = 16D338AA282D115B0054E0EE /* GroupsViewModel.swift */; };
		16D338AD282D130E0054E0EE /* PhotosViewModel.swift in Sources */ = {isa = PBXBuildFile; fileRef = 16D338AC282D130E0054E0EE /* PhotosViewModel.swift */; };
		16D338AF282D2AAC0054E0EE /* FriendPhotosView.swift in Sources */ = {isa = PBXBuildFile; fileRef = 16D338AE282D2AAC0054E0EE /* FriendPhotosView.swift */; };
		16D77D62270327E0001973DF /* SessionSettings.swift in Sources */ = {isa = PBXBuildFile; fileRef = 16D77D61270327E0001973DF /* SessionSettings.swift */; };
		16D89AE526E7C493000031AC /* FriendsSectionHeader.swift in Sources */ = {isa = PBXBuildFile; fileRef = 16D89AE426E7C493000031AC /* FriendsSectionHeader.swift */; };
		16D89AE726E7C936000031AC /* FriendsSectionHeader.xib in Resources */ = {isa = PBXBuildFile; fileRef = 16D89AE626E7C936000031AC /* FriendsSectionHeader.xib */; };
		16DF75A226CA7E3000150AB2 /* LoginViewController.swift in Sources */ = {isa = PBXBuildFile; fileRef = 16DF75A126CA7E3000150AB2 /* LoginViewController.swift */; };
		16DF75A726CA7E3100150AB2 /* Assets.xcassets in Resources */ = {isa = PBXBuildFile; fileRef = 16DF75A626CA7E3100150AB2 /* Assets.xcassets */; };
		16E1B98D27B3FFEF009774B5 /* PhotoService.swift in Sources */ = {isa = PBXBuildFile; fileRef = 16E1B98C27B3FFEF009774B5 /* PhotoService.swift */; };
		16E1B9C927B4443B009774B5 /* UIImageView+load.swift in Sources */ = {isa = PBXBuildFile; fileRef = 16E1B9C827B4443B009774B5 /* UIImageView+load.swift */; };
		79DC6B4A446BB954A75D7610 /* Pods_VKClientApp.framework in Frameworks */ = {isa = PBXBuildFile; fileRef = A350B130D609C2E3EE59E2EA /* Pods_VKClientApp.framework */; };
/* End PBXBuildFile section */

/* Begin PBXFileReference section */
		160AC84026DFC0190044FE5D /* ShadowView.swift */ = {isa = PBXFileReference; lastKnownFileType = sourcecode.swift; path = ShadowView.swift; sourceTree = "<group>"; };
		1611E3D7275511A00062EC6D /* NewsProtocol.swift */ = {isa = PBXFileReference; lastKnownFileType = sourcecode.swift; path = NewsProtocol.swift; sourceTree = "<group>"; };
		1611E3DC2755F43B0062EC6D /* NewsSection.swift */ = {isa = PBXFileReference; lastKnownFileType = sourcecode.swift; path = NewsSection.swift; sourceTree = "<group>"; };
		161A7E972719F41800AD1BF5 /* PhotoViewController.swift */ = {isa = PBXFileReference; lastKnownFileType = sourcecode.swift; path = PhotoViewController.swift; sourceTree = "<group>"; };
		16212F3A27E3507A004B23D3 /* EntityViewModel.swift */ = {isa = PBXFileReference; lastKnownFileType = sourcecode.swift; path = EntityViewModel.swift; sourceTree = "<group>"; };
		16212F3C27E353DE004B23D3 /* PhotoViewModel.swift */ = {isa = PBXFileReference; lastKnownFileType = sourcecode.swift; path = PhotoViewModel.swift; sourceTree = "<group>"; };
		16212F3E27E35519004B23D3 /* NewsViewModel.swift */ = {isa = PBXFileReference; lastKnownFileType = sourcecode.swift; path = NewsViewModel.swift; sourceTree = "<group>"; };
		16212F4127E3592D004B23D3 /* UserViewModelFactory.swift */ = {isa = PBXFileReference; lastKnownFileType = sourcecode.swift; path = UserViewModelFactory.swift; sourceTree = "<group>"; };
		16212F4327E35BF8004B23D3 /* GroupViewModelFactory.swift */ = {isa = PBXFileReference; lastKnownFileType = sourcecode.swift; path = GroupViewModelFactory.swift; sourceTree = "<group>"; };
		16212F4527E35D19004B23D3 /* PhotoViewModelFactory.swift */ = {isa = PBXFileReference; lastKnownFileType = sourcecode.swift; path = PhotoViewModelFactory.swift; sourceTree = "<group>"; };
		16212F4727E3AE47004B23D3 /* FriendCollectionViewCell.swift */ = {isa = PBXFileReference; lastKnownFileType = sourcecode.swift; path = FriendCollectionViewCell.swift; sourceTree = "<group>"; };
		16212F4827E3AE47004B23D3 /* FriendCollectionViewCell.xib */ = {isa = PBXFileReference; lastKnownFileType = file.xib; path = FriendCollectionViewCell.xib; sourceTree = "<group>"; };
		16212F4B27E3BCA4004B23D3 /* NewsSectionFactory.swift */ = {isa = PBXFileReference; lastKnownFileType = sourcecode.swift; path = NewsSectionFactory.swift; sourceTree = "<group>"; };
		1640A3D027133CCC0039A888 /* Photo.swift */ = {isa = PBXFileReference; lastKnownFileType = sourcecode.swift; path = Photo.swift; sourceTree = "<group>"; };
		1640A3D227133DB70039A888 /* Image.swift */ = {isa = PBXFileReference; lastKnownFileType = sourcecode.swift; path = Image.swift; sourceTree = "<group>"; };
		1640A3D42713A4B60039A888 /* ResponseCode.swift */ = {isa = PBXFileReference; lastKnownFileType = sourcecode.swift; path = ResponseCode.swift; sourceTree = "<group>"; };
		1640A3D7271736CE0039A888 /* FriendsTableHeader.swift */ = {isa = PBXFileReference; lastKnownFileType = sourcecode.swift; path = FriendsTableHeader.swift; sourceTree = "<group>"; };
		1641393E26D4134600287F22 /* FriendsViewController.swift */ = {isa = PBXFileReference; lastKnownFileType = sourcecode.swift; path = FriendsViewController.swift; sourceTree = "<group>"; };
		16431769274D6EF5009695A7 /* NewsPhoto.swift */ = {isa = PBXFileReference; lastKnownFileType = sourcecode.swift; path = NewsPhoto.swift; sourceTree = "<group>"; };
		164A1BAE27BA800D005C5BED /* NewsDataProvider.swift */ = {isa = PBXFileReference; lastKnownFileType = sourcecode.swift; path = NewsDataProvider.swift; sourceTree = "<group>"; };
		164A1BB027BA85E6005C5BED /* ImageProvider.swift */ = {isa = PBXFileReference; lastKnownFileType = sourcecode.swift; path = ImageProvider.swift; sourceTree = "<group>"; };
		1654819626D6A365002F8292 /* User.swift */ = {isa = PBXFileReference; lastKnownFileType = sourcecode.swift; path = User.swift; sourceTree = "<group>"; };
		1654819926D6A3F8002F8292 /* Group.swift */ = {isa = PBXFileReference; lastKnownFileType = sourcecode.swift; path = Group.swift; sourceTree = "<group>"; };
		1654819B26D7A65C002F8292 /* FriendsCell.swift */ = {isa = PBXFileReference; lastKnownFileType = sourcecode.swift; path = FriendsCell.swift; sourceTree = "<group>"; };
		1654819C26D7A65C002F8292 /* FriendsCell.xib */ = {isa = PBXFileReference; lastKnownFileType = file.xib; path = FriendsCell.xib; sourceTree = "<group>"; };
		165481A026D7CF1A002F8292 /* FriendDetailsCollectionViewController.swift */ = {isa = PBXFileReference; lastKnownFileType = sourcecode.swift; path = FriendDetailsCollectionViewController.swift; sourceTree = "<group>"; };
		165481A826D95CA8002F8292 /* GroupsViewController.swift */ = {isa = PBXFileReference; lastKnownFileType = sourcecode.swift; path = GroupsViewController.swift; sourceTree = "<group>"; };
		165481AE26D9606B002F8292 /* GroupsViewCell.swift */ = {isa = PBXFileReference; lastKnownFileType = sourcecode.swift; path = GroupsViewCell.swift; sourceTree = "<group>"; };
		165481AF26D9606B002F8292 /* GroupsViewCell.xib */ = {isa = PBXFileReference; lastKnownFileType = file.xib; path = GroupsViewCell.xib; sourceTree = "<group>"; };
		165481B426DCE450002F8292 /* AddGroupsViewController.swift */ = {isa = PBXFileReference; lastKnownFileType = sourcecode.swift; path = AddGroupsViewController.swift; sourceTree = "<group>"; };
		165D1DD7274D63D700CCAE51 /* PhotoNews.swift */ = {isa = PBXFileReference; lastKnownFileType = sourcecode.swift; path = PhotoNews.swift; sourceTree = "<group>"; };
		1661E692271D5AA700E57BC0 /* RealmService.swift */ = {isa = PBXFileReference; lastKnownFileType = sourcecode.swift; path = RealmService.swift; sourceTree = "<group>"; };
		1662A93627073A2A004A52F8 /* VKWebLoginController.swift */ = {isa = PBXFileReference; lastKnownFileType = sourcecode.swift; path = VKWebLoginController.swift; sourceTree = "<group>"; };
		1662A9392707592A004A52F8 /* APIService.swift */ = {isa = PBXFileReference; lastKnownFileType = sourcecode.swift; path = APIService.swift; sourceTree = "<group>"; };
		1662A93B27076694004A52F8 /* EndPoint.swift */ = {isa = PBXFileReference; lastKnownFileType = sourcecode.swift; path = EndPoint.swift; sourceTree = "<group>"; };
		167012B427D92D6700C26F1F /* UIColor+ApplicationColors.swift */ = {isa = PBXFileReference; lastKnownFileType = sourcecode.swift; path = "UIColor+ApplicationColors.swift"; sourceTree = "<group>"; };
		167012B927D9F2BC00C26F1F /* APIAdapter.swift */ = {isa = PBXFileReference; lastKnownFileType = sourcecode.swift; path = APIAdapter.swift; sourceTree = "<group>"; };
		167012BB27D9F36900C26F1F /* APIAdapterProtocol.swift */ = {isa = PBXFileReference; lastKnownFileType = sourcecode.swift; path = APIAdapterProtocol.swift; sourceTree = "<group>"; };
		167BB1792822CFE500F1CCE2 /* AuthView.swift */ = {isa = PBXFileReference; lastKnownFileType = sourcecode.swift; path = AuthView.swift; sourceTree = "<group>"; };
		167BB17B28230C5000F1CCE2 /* UIApplication+endEditing.swift */ = {isa = PBXFileReference; lastKnownFileType = sourcecode.swift; path = "UIApplication+endEditing.swift"; sourceTree = "<group>"; };
		167BB17D282426F000F1CCE2 /* LoginViewControllerSwiftUI.swift */ = {isa = PBXFileReference; lastKnownFileType = sourcecode.swift; path = LoginViewControllerSwiftUI.swift; sourceTree = "<group>"; };
		16807BB426F9290000A232F0 /* NavigationControllerAnimation.swift */ = {isa = PBXFileReference; lastKnownFileType = sourcecode.swift; path = NavigationControllerAnimation.swift; sourceTree = "<group>"; };
		16807BB626F9297100A232F0 /* CustomNavigationController.swift */ = {isa = PBXFileReference; lastKnownFileType = sourcecode.swift; path = CustomNavigationController.swift; sourceTree = "<group>"; };
		16851D6926F699B400BF3A55 /* Direction.swift */ = {isa = PBXFileReference; lastKnownFileType = sourcecode.swift; path = Direction.swift; sourceTree = "<group>"; };
		1693547C27468C0A00FFE851 /* NewsSourceCell.swift */ = {isa = PBXFileReference; lastKnownFileType = sourcecode.swift; path = NewsSourceCell.swift; sourceTree = "<group>"; };
		1693547D27468C0A00FFE851 /* NewsSourceCell.xib */ = {isa = PBXFileReference; lastKnownFileType = file.xib; path = NewsSourceCell.xib; sourceTree = "<group>"; };
		169354802746B6E000FFE851 /* CellConfigurationProtocol.swift */ = {isa = PBXFileReference; lastKnownFileType = sourcecode.swift; path = CellConfigurationProtocol.swift; sourceTree = "<group>"; };
		1697729E27AB16650067FFE0 /* AsyncOperation.swift */ = {isa = PBXFileReference; lastKnownFileType = sourcecode.swift; path = AsyncOperation.swift; sourceTree = "<group>"; };
		169772A027AB16F90067FFE0 /* RestApiOperation.swift */ = {isa = PBXFileReference; lastKnownFileType = sourcecode.swift; path = RestApiOperation.swift; sourceTree = "<group>"; };
		169772A227AB1C370067FFE0 /* ParseDataOperation.swift */ = {isa = PBXFileReference; lastKnownFileType = sourcecode.swift; path = ParseDataOperation.swift; sourceTree = "<group>"; };
		169772A427AB291A0067FFE0 /* RealmDeleteOperation.swift */ = {isa = PBXFileReference; lastKnownFileType = sourcecode.swift; path = RealmDeleteOperation.swift; sourceTree = "<group>"; };
		169DD8B0276235E300769DA6 /* NewsFlags.swift */ = {isa = PBXFileReference; lastKnownFileType = sourcecode.swift; path = NewsFlags.swift; sourceTree = "<group>"; };
		16A58F7D2791D0F60038E65B /* NewsTextCell.swift */ = {isa = PBXFileReference; lastKnownFileType = sourcecode.swift; path = NewsTextCell.swift; sourceTree = "<group>"; };
		16A58F7E2791D0F60038E65B /* NewsTextCell.xib */ = {isa = PBXFileReference; lastKnownFileType = file.xib; path = NewsTextCell.xib; sourceTree = "<group>"; };
		16A58F842791D4D80038E65B /* NewsFeedSectionHeaderView.xib */ = {isa = PBXFileReference; lastKnownFileType = file.xib; path = NewsFeedSectionHeaderView.xib; sourceTree = "<group>"; };
		16B30A02282F5FA40061CC76 /* DetachableObject.swift */ = {isa = PBXFileReference; lastKnownFileType = sourcecode.swift; path = DetachableObject.swift; sourceTree = "<group>"; };
		16B4EFDD27DFC87C00A0D4AA /* News.swift */ = {isa = PBXFileReference; lastKnownFileType = sourcecode.swift; path = News.swift; sourceTree = "<group>"; };
		16BA1907270484F800EBD36B /* AppSettings.swift */ = {isa = PBXFileReference; lastKnownFileType = sourcecode.swift; path = AppSettings.swift; sourceTree = "<group>"; };
		16BA190A2704B4FE00EBD36B /* GroupsViewControllerProtocol.swift */ = {isa = PBXFileReference; lastKnownFileType = sourcecode.swift; path = GroupsViewControllerProtocol.swift; sourceTree = "<group>"; };
		16BCDAAC270DFE240066B16C /*  Response.swift */ = {isa = PBXFileReference; lastKnownFileType = sourcecode.swift; path = " Response.swift"; sourceTree = "<group>"; };
		16C106A127ABF9F6001E548A /* RealmInsertOperation.swift */ = {isa = PBXFileReference; lastKnownFileType = sourcecode.swift; path = RealmInsertOperation.swift; sourceTree = "<group>"; };
		16C106A327AC0E8F001E548A /* QueuedOperations.swift */ = {isa = PBXFileReference; lastKnownFileType = sourcecode.swift; path = QueuedOperations.swift; sourceTree = "<group>"; };
		16C106A927AED37B001E548A /* IdProtocol.swift */ = {isa = PBXFileReference; lastKnownFileType = sourcecode.swift; path = IdProtocol.swift; sourceTree = "<group>"; };
		16C49BBB27A103ED00C9F537 /* NewsAttachment.swift */ = {isa = PBXFileReference; lastKnownFileType = sourcecode.swift; path = NewsAttachment.swift; sourceTree = "<group>"; };
		16C53F242741496B003E19ED /* NewsTableViewController.swift */ = {isa = PBXFileReference; lastKnownFileType = sourcecode.swift; path = NewsTableViewController.swift; sourceTree = "<group>"; };
		16C53F26274228C7003E19ED /* ResponseNews.swift */ = {isa = PBXFileReference; lastKnownFileType = sourcecode.swift; path = ResponseNews.swift; sourceTree = "<group>"; };
		16C53F282742539A003E19ED /* PostNews.swift */ = {isa = PBXFileReference; lastKnownFileType = sourcecode.swift; path = PostNews.swift; sourceTree = "<group>"; };
		16C53F38274507E5003E19ED /* NewsImageCell.swift */ = {isa = PBXFileReference; lastKnownFileType = sourcecode.swift; path = NewsImageCell.swift; sourceTree = "<group>"; };
		16C53F39274507E5003E19ED /* NewsImageCell.xib */ = {isa = PBXFileReference; lastKnownFileType = file.xib; path = NewsImageCell.xib; sourceTree = "<group>"; };
		16C53F3C27450814003E19ED /* NewsLikesCell.swift */ = {isa = PBXFileReference; lastKnownFileType = sourcecode.swift; path = NewsLikesCell.swift; sourceTree = "<group>"; };
		16C53F3D27450814003E19ED /* NewsLikesCell.xib */ = {isa = PBXFileReference; lastKnownFileType = file.xib; path = NewsLikesCell.xib; sourceTree = "<group>"; };
		16C73E972791A8C400B11E45 /* NewsImage.swift */ = {isa = PBXFileReference; lastKnownFileType = sourcecode.swift; path = NewsImage.swift; sourceTree = "<group>"; };
		16CFC2DE27BAA20F00454C9B /* PhotoDataProvider.swift */ = {isa = PBXFileReference; lastKnownFileType = sourcecode.swift; path = PhotoDataProvider.swift; sourceTree = "<group>"; };
		16D0EFE927F841FD00DDB0BC /* APIAdapterProxy.swift */ = {isa = PBXFileReference; lastKnownFileType = sourcecode.swift; path = APIAdapterProxy.swift; sourceTree = "<group>"; };
		16D0EFEB27F8422300DDB0BC /* APIAdapterProxyProtocol.swift */ = {isa = PBXFileReference; lastKnownFileType = sourcecode.swift; path = APIAdapterProxyProtocol.swift; sourceTree = "<group>"; };
		16D33882282BAC2E0054E0EE /* FriendViewCell.swift */ = {isa = PBXFileReference; lastKnownFileType = sourcecode.swift; path = FriendViewCell.swift; sourceTree = "<group>"; };
		16D33884282BACD00054E0EE /* LogoBuilder.swift */ = {isa = PBXFileReference; lastKnownFileType = sourcecode.swift; path = LogoBuilder.swift; sourceTree = "<group>"; };
		16D33886282BAD100054E0EE /* ShadowModifier.swift */ = {isa = PBXFileReference; lastKnownFileType = sourcecode.swift; path = ShadowModifier.swift; sourceTree = "<group>"; };
		16D33888282BAFCF0054E0EE /* NameBuilder.swift */ = {isa = PBXFileReference; lastKnownFileType = sourcecode.swift; path = NameBuilder.swift; sourceTree = "<group>"; };
		16D3388A282BC09C0054E0EE /* GroupViewCell.swift */ = {isa = PBXFileReference; lastKnownFileType = sourcecode.swift; path = GroupViewCell.swift; sourceTree = "<group>"; };
		16D33890282CC6A10054E0EE /* WebLoginView.swift */ = {isa = PBXFileReference; lastKnownFileType = sourcecode.swift; path = WebLoginView.swift; sourceTree = "<group>"; };
		16D33892282CC8550054E0EE /* WebViewNavigationDelegate.swift */ = {isa = PBXFileReference; lastKnownFileType = sourcecode.swift; path = WebViewNavigationDelegate.swift; sourceTree = "<group>"; };
		16D33894282CCEC10054E0EE /* ContentView.swift */ = {isa = PBXFileReference; lastKnownFileType = sourcecode.swift; path = ContentView.swift; sourceTree = "<group>"; };
		16D33896282CCF360054E0EE /* TabBarView.swift */ = {isa = PBXFileReference; lastKnownFileType = sourcecode.swift; path = TabBarView.swift; sourceTree = "<group>"; };
		16D33899282CFB090054E0EE /* VKClientApp.swift */ = {isa = PBXFileReference; lastKnownFileType = sourcecode.swift; path = VKClientApp.swift; sourceTree = "<group>"; };
		16D3389B282D03230054E0EE /* FriendsView.swift */ = {isa = PBXFileReference; lastKnownFileType = sourcecode.swift; path = FriendsView.swift; sourceTree = "<group>"; };
		16D3389F282D08FB0054E0EE /* NewsView.swift */ = {isa = PBXFileReference; lastKnownFileType = sourcecode.swift; path = NewsView.swift; sourceTree = "<group>"; };
		16D338A1282D09EF0054E0EE /* GroupsView.swift */ = {isa = PBXFileReference; lastKnownFileType = sourcecode.swift; path = GroupsView.swift; sourceTree = "<group>"; };
		16D338A3282D0BAC0054E0EE /* PhotoViewCell.swift */ = {isa = PBXFileReference; lastKnownFileType = sourcecode.swift; path = PhotoViewCell.swift; sourceTree = "<group>"; };
		16D338A8282D10EF0054E0EE /* FriendsViewModel.swift */ = {isa = PBXFileReference; lastKnownFileType = sourcecode.swift; path = FriendsViewModel.swift; sourceTree = "<group>"; };
		16D338AA282D115B0054E0EE /* GroupsViewModel.swift */ = {isa = PBXFileReference; lastKnownFileType = sourcecode.swift; path = GroupsViewModel.swift; sourceTree = "<group>"; };
		16D338AC282D130E0054E0EE /* PhotosViewModel.swift */ = {isa = PBXFileReference; lastKnownFileType = sourcecode.swift; path = PhotosViewModel.swift; sourceTree = "<group>"; };
		16D338AE282D2AAC0054E0EE /* FriendPhotosView.swift */ = {isa = PBXFileReference; lastKnownFileType = sourcecode.swift; path = FriendPhotosView.swift; sourceTree = "<group>"; };
		16D77D61270327E0001973DF /* SessionSettings.swift */ = {isa = PBXFileReference; lastKnownFileType = sourcecode.swift; path = SessionSettings.swift; sourceTree = "<group>"; };
		16D89AE426E7C493000031AC /* FriendsSectionHeader.swift */ = {isa = PBXFileReference; lastKnownFileType = sourcecode.swift; path = FriendsSectionHeader.swift; sourceTree = "<group>"; };
		16D89AE626E7C936000031AC /* FriendsSectionHeader.xib */ = {isa = PBXFileReference; lastKnownFileType = file.xib; path = FriendsSectionHeader.xib; sourceTree = "<group>"; };
		16DF759A26CA7E3000150AB2 /* VKClientApp.app */ = {isa = PBXFileReference; explicitFileType = wrapper.application; includeInIndex = 0; path = VKClientApp.app; sourceTree = BUILT_PRODUCTS_DIR; };
		16DF75A126CA7E3000150AB2 /* LoginViewController.swift */ = {isa = PBXFileReference; lastKnownFileType = sourcecode.swift; path = LoginViewController.swift; sourceTree = "<group>"; };
		16DF75A626CA7E3100150AB2 /* Assets.xcassets */ = {isa = PBXFileReference; lastKnownFileType = folder.assetcatalog; path = Assets.xcassets; sourceTree = "<group>"; };
		16DF75AB26CA7E3100150AB2 /* Info.plist */ = {isa = PBXFileReference; lastKnownFileType = text.plist.xml; path = Info.plist; sourceTree = "<group>"; };
		16E1B98C27B3FFEF009774B5 /* PhotoService.swift */ = {isa = PBXFileReference; lastKnownFileType = sourcecode.swift; path = PhotoService.swift; sourceTree = "<group>"; };
		16E1B9C827B4443B009774B5 /* UIImageView+load.swift */ = {isa = PBXFileReference; lastKnownFileType = sourcecode.swift; path = "UIImageView+load.swift"; sourceTree = "<group>"; };
		24DAD545DE6003A51EAD0990 /* Pods-VKClientApp.debug.xcconfig */ = {isa = PBXFileReference; includeInIndex = 1; lastKnownFileType = text.xcconfig; name = "Pods-VKClientApp.debug.xcconfig"; path = "Target Support Files/Pods-VKClientApp/Pods-VKClientApp.debug.xcconfig"; sourceTree = "<group>"; };
		5D68C32E2062892D43EDE1C0 /* Pods-VKClientApp.release.xcconfig */ = {isa = PBXFileReference; includeInIndex = 1; lastKnownFileType = text.xcconfig; name = "Pods-VKClientApp.release.xcconfig"; path = "Target Support Files/Pods-VKClientApp/Pods-VKClientApp.release.xcconfig"; sourceTree = "<group>"; };
		A350B130D609C2E3EE59E2EA /* Pods_VKClientApp.framework */ = {isa = PBXFileReference; explicitFileType = wrapper.framework; includeInIndex = 0; path = Pods_VKClientApp.framework; sourceTree = BUILT_PRODUCTS_DIR; };
/* End PBXFileReference section */

/* Begin PBXFrameworksBuildPhase section */
		16DF759726CA7E3000150AB2 /* Frameworks */ = {
			isa = PBXFrameworksBuildPhase;
			buildActionMask = 2147483647;
			files = (
				16784B73283119840062AE6F /* CodingStyle in Frameworks */,
				16D338A7282D0EB10054E0EE /* SDWebImageSwiftUI in Frameworks */,
				16B30A01282EE3A40061CC76 /* ASCollectionView in Frameworks */,
				79DC6B4A446BB954A75D7610 /* Pods_VKClientApp.framework in Frameworks */,
			);
			runOnlyForDeploymentPostprocessing = 0;
		};
/* End PBXFrameworksBuildPhase section */

/* Begin PBXGroup section */
		1611E3D92755F40B0062EC6D /* NewsData */ = {
			isa = PBXGroup;
			children = (
				1611E3DC2755F43B0062EC6D /* NewsSection.swift */,
				16C73E972791A8C400B11E45 /* NewsImage.swift */,
			);
			path = NewsData;
			sourceTree = "<group>";
		};
		16212F3927E3500A004B23D3 /* ViewModels */ = {
			isa = PBXGroup;
			children = (
				1611E3D92755F40B0062EC6D /* NewsData */,
				16212F3A27E3507A004B23D3 /* EntityViewModel.swift */,
				16212F3C27E353DE004B23D3 /* PhotoViewModel.swift */,
				16212F3E27E35519004B23D3 /* NewsViewModel.swift */,
			);
			path = ViewModels;
			sourceTree = "<group>";
		};
		16212F4027E358F4004B23D3 /* Factory */ = {
			isa = PBXGroup;
			children = (
				16212F4127E3592D004B23D3 /* UserViewModelFactory.swift */,
				16212F4327E35BF8004B23D3 /* GroupViewModelFactory.swift */,
				16212F4527E35D19004B23D3 /* PhotoViewModelFactory.swift */,
				16212F4B27E3BCA4004B23D3 /* NewsSectionFactory.swift */,
			);
			path = Factory;
			sourceTree = "<group>";
		};
		1640A3D62717368B0039A888 /* TableHeaders */ = {
			isa = PBXGroup;
			children = (
				1640A3D7271736CE0039A888 /* FriendsTableHeader.swift */,
			);
			path = TableHeaders;
			sourceTree = "<group>";
		};
		164A1BAD27BA7FD9005C5BED /* DataProviders */ = {
			isa = PBXGroup;
			children = (
				164A1BAE27BA800D005C5BED /* NewsDataProvider.swift */,
				164A1BB027BA85E6005C5BED /* ImageProvider.swift */,
				16CFC2DE27BAA20F00454C9B /* PhotoDataProvider.swift */,
			);
			path = DataProviders;
			sourceTree = "<group>";
		};
		1654819826D6A371002F8292 /* Models */ = {
			isa = PBXGroup;
			children = (
				16851D6926F699B400BF3A55 /* Direction.swift */,
				1654819626D6A365002F8292 /* User.swift */,
				1654819926D6A3F8002F8292 /* Group.swift */,
				16BCDAAC270DFE240066B16C /*  Response.swift */,
				16C53F26274228C7003E19ED /* ResponseNews.swift */,
				1640A3D027133CCC0039A888 /* Photo.swift */,
				1640A3D227133DB70039A888 /* Image.swift */,
				1640A3D42713A4B60039A888 /* ResponseCode.swift */,
				16C53F282742539A003E19ED /* PostNews.swift */,
				165D1DD7274D63D700CCAE51 /* PhotoNews.swift */,
				16431769274D6EF5009695A7 /* NewsPhoto.swift */,
				1611E3D7275511A00062EC6D /* NewsProtocol.swift */,
				169DD8B0276235E300769DA6 /* NewsFlags.swift */,
				16C49BBB27A103ED00C9F537 /* NewsAttachment.swift */,
				16C106A927AED37B001E548A /* IdProtocol.swift */,
				16B4EFDD27DFC87C00A0D4AA /* News.swift */,
			);
			path = Models;
			sourceTree = "<group>";
		};
		1654819F26D7A667002F8292 /* Cells */ = {
			isa = PBXGroup;
			children = (
				16D89AE426E7C493000031AC /* FriendsSectionHeader.swift */,
				1654819C26D7A65C002F8292 /* FriendsCell.xib */,
				1654819B26D7A65C002F8292 /* FriendsCell.swift */,
				165481AE26D9606B002F8292 /* GroupsViewCell.swift */,
				165481AF26D9606B002F8292 /* GroupsViewCell.xib */,
				16D89AE626E7C936000031AC /* FriendsSectionHeader.xib */,
				16C53F38274507E5003E19ED /* NewsImageCell.swift */,
				16C53F39274507E5003E19ED /* NewsImageCell.xib */,
				16C53F3C27450814003E19ED /* NewsLikesCell.swift */,
				16C53F3D27450814003E19ED /* NewsLikesCell.xib */,
				1693547C27468C0A00FFE851 /* NewsSourceCell.swift */,
				1693547D27468C0A00FFE851 /* NewsSourceCell.xib */,
				169354802746B6E000FFE851 /* CellConfigurationProtocol.swift */,
				16A58F7D2791D0F60038E65B /* NewsTextCell.swift */,
				16A58F7E2791D0F60038E65B /* NewsTextCell.xib */,
				16A58F842791D4D80038E65B /* NewsFeedSectionHeaderView.xib */,
				16212F4727E3AE47004B23D3 /* FriendCollectionViewCell.swift */,
				16212F4827E3AE47004B23D3 /* FriendCollectionViewCell.xib */,
			);
			path = Cells;
			sourceTree = "<group>";
		};
		165481B826DE4C8B002F8292 /* CustomViews */ = {
			isa = PBXGroup;
			children = (
				160AC84026DFC0190044FE5D /* ShadowView.swift */,
			);
			path = CustomViews;
			sourceTree = "<group>";
		};
		1661E691271D5A8800E57BC0 /* RealmRequests */ = {
			isa = PBXGroup;
			children = (
				1661E692271D5AA700E57BC0 /* RealmService.swift */,
				16B30A02282F5FA40061CC76 /* DetachableObject.swift */,
			);
			path = RealmRequests;
			sourceTree = "<group>";
		};
		1662A938270758AA004A52F8 /* BackendRequests */ = {
			isa = PBXGroup;
			children = (
				167012B827D9F27500C26F1F /* BackendAdapter */,
				1662A9392707592A004A52F8 /* APIService.swift */,
				1662A93B27076694004A52F8 /* EndPoint.swift */,
				16D0EFE927F841FD00DDB0BC /* APIAdapterProxy.swift */,
				16D0EFEB27F8422300DDB0BC /* APIAdapterProxyProtocol.swift */,
			);
			path = BackendRequests;
			sourceTree = "<group>";
		};
		167012B327D8FC5400C26F1F /* Flyweight */ = {
			isa = PBXGroup;
			children = (
				167012B427D92D6700C26F1F /* UIColor+ApplicationColors.swift */,
			);
			path = Flyweight;
			sourceTree = "<group>";
		};
		167012B827D9F27500C26F1F /* BackendAdapter */ = {
			isa = PBXGroup;
			children = (
				167012B927D9F2BC00C26F1F /* APIAdapter.swift */,
				167012BB27D9F36900C26F1F /* APIAdapterProtocol.swift */,
			);
			path = BackendAdapter;
			sourceTree = "<group>";
		};
		16807BB326F9280900A232F0 /* UIHelpers */ = {
			isa = PBXGroup;
			children = (
				16807BB426F9290000A232F0 /* NavigationControllerAnimation.swift */,
				16807BB626F9297100A232F0 /* CustomNavigationController.swift */,
			);
			path = UIHelpers;
			sourceTree = "<group>";
		};
		1697729D27AAD9AC0067FFE0 /* Operations */ = {
			isa = PBXGroup;
			children = (
				1697729E27AB16650067FFE0 /* AsyncOperation.swift */,
				169772A027AB16F90067FFE0 /* RestApiOperation.swift */,
				169772A227AB1C370067FFE0 /* ParseDataOperation.swift */,
				169772A427AB291A0067FFE0 /* RealmDeleteOperation.swift */,
				16C106A127ABF9F6001E548A /* RealmInsertOperation.swift */,
				16C106A327AC0E8F001E548A /* QueuedOperations.swift */,
			);
			path = Operations;
			sourceTree = "<group>";
		};
		16D3387F282BABCD0054E0EE /* Cells */ = {
			isa = PBXGroup;
			children = (
				16D33882282BAC2E0054E0EE /* FriendViewCell.swift */,
				16D3388A282BC09C0054E0EE /* GroupViewCell.swift */,
				16D338A3282D0BAC0054E0EE /* PhotoViewCell.swift */,
			);
			path = Cells;
			sourceTree = "<group>";
		};
		16D33880282BABDE0054E0EE /* ViewModifiers */ = {
			isa = PBXGroup;
			children = (
				16D33886282BAD100054E0EE /* ShadowModifier.swift */,
			);
			path = ViewModifiers;
			sourceTree = "<group>";
		};
		16D33881282BABF10054E0EE /* ViewBuilders */ = {
			isa = PBXGroup;
			children = (
				16D33884282BACD00054E0EE /* LogoBuilder.swift */,
				16D33888282BAFCF0054E0EE /* NameBuilder.swift */,
			);
			path = ViewBuilders;
			sourceTree = "<group>";
		};
		16D3388C282CC1ED0054E0EE /* SwiftUI */ = {
			isa = PBXGroup;
			children = (
				16D3388F282CC60A0054E0EE /* Navigation */,
				16D3388E282CC5DE0054E0EE /* Extensions */,
				16D3388D282CC1FC0054E0EE /* View */,
			);
			path = SwiftUI;
			sourceTree = "<group>";
		};
		16D3388D282CC1FC0054E0EE /* View */ = {
			isa = PBXGroup;
			children = (
				16D3389D282D051A0054E0EE /* ViewModels */,
				16D33898282CD0620054E0EE /* Views */,
				16D33881282BABF10054E0EE /* ViewBuilders */,
				16D33880282BABDE0054E0EE /* ViewModifiers */,
				16D3387F282BABCD0054E0EE /* Cells */,
			);
			path = View;
			sourceTree = "<group>";
		};
		16D3388E282CC5DE0054E0EE /* Extensions */ = {
			isa = PBXGroup;
			children = (
				167BB17B28230C5000F1CCE2 /* UIApplication+endEditing.swift */,
			);
			path = Extensions;
			sourceTree = "<group>";
		};
		16D3388F282CC60A0054E0EE /* Navigation */ = {
			isa = PBXGroup;
			children = (
				167BB1792822CFE500F1CCE2 /* AuthView.swift */,
				16D33890282CC6A10054E0EE /* WebLoginView.swift */,
				16D33892282CC8550054E0EE /* WebViewNavigationDelegate.swift */,
				16D33894282CCEC10054E0EE /* ContentView.swift */,
				16D33896282CCF360054E0EE /* TabBarView.swift */,
			);
			path = Navigation;
			sourceTree = "<group>";
		};
		16D33898282CD0620054E0EE /* Views */ = {
			isa = PBXGroup;
			children = (
				16D3389B282D03230054E0EE /* FriendsView.swift */,
				16D3389F282D08FB0054E0EE /* NewsView.swift */,
				16D338A1282D09EF0054E0EE /* GroupsView.swift */,
				16D338AE282D2AAC0054E0EE /* FriendPhotosView.swift */,
			);
			path = Views;
			sourceTree = "<group>";
		};
		16D3389D282D051A0054E0EE /* ViewModels */ = {
			isa = PBXGroup;
			children = (
				16D338A8282D10EF0054E0EE /* FriendsViewModel.swift */,
				16D338AA282D115B0054E0EE /* GroupsViewModel.swift */,
				16D338AC282D130E0054E0EE /* PhotosViewModel.swift */,
			);
			path = ViewModels;
			sourceTree = "<group>";
		};
		16D77D60270327BB001973DF /* Singletons */ = {
			isa = PBXGroup;
			children = (
				16D77D61270327E0001973DF /* SessionSettings.swift */,
				16BA1907270484F800EBD36B /* AppSettings.swift */,
			);
			path = Singletons;
			sourceTree = "<group>";
		};
		16DF759126CA7E2F00150AB2 = {
			isa = PBXGroup;
			children = (
				16DF759C26CA7E3000150AB2 /* VKClientApp */,
				16DF759B26CA7E3000150AB2 /* Products */,
				6413A74ADF330EF1BBF6B490 /* Pods */,
				45E89E3D005568CD444640EA /* Frameworks */,
			);
			sourceTree = "<group>";
		};
		16DF759B26CA7E3000150AB2 /* Products */ = {
			isa = PBXGroup;
			children = (
				16DF759A26CA7E3000150AB2 /* VKClientApp.app */,
			);
			name = Products;
			sourceTree = "<group>";
		};
		16DF759C26CA7E3000150AB2 /* VKClientApp */ = {
			isa = PBXGroup;
			children = (
				16D33899282CFB090054E0EE /* VKClientApp.swift */,
				16D3388C282CC1ED0054E0EE /* SwiftUI */,
				16212F4027E358F4004B23D3 /* Factory */,
				16212F3927E3500A004B23D3 /* ViewModels */,
				167012B327D8FC5400C26F1F /* Flyweight */,
				16E1B98B27B3FFCC009774B5 /* PhotoService */,
				1697729D27AAD9AC0067FFE0 /* Operations */,
				1661E691271D5A8800E57BC0 /* RealmRequests */,
				1640A3D62717368B0039A888 /* TableHeaders */,
				1662A938270758AA004A52F8 /* BackendRequests */,
				16D77D60270327BB001973DF /* Singletons */,
				16807BB326F9280900A232F0 /* UIHelpers */,
				16DF75B126CA7E8600150AB2 /* Controllers */,
				16DF75B226CA7ECC00150AB2 /* View */,
				16DF75A626CA7E3100150AB2 /* Assets.xcassets */,
				16DF75AB26CA7E3100150AB2 /* Info.plist */,
				1654819826D6A371002F8292 /* Models */,
				165481B826DE4C8B002F8292 /* CustomViews */,
			);
			path = VKClientApp;
			sourceTree = "<group>";
		};
		16DF75B126CA7E8600150AB2 /* Controllers */ = {
			isa = PBXGroup;
			children = (
				164A1BAD27BA7FD9005C5BED /* DataProviders */,
				16DF75A126CA7E3000150AB2 /* LoginViewController.swift */,
				1641393E26D4134600287F22 /* FriendsViewController.swift */,
				165481A026D7CF1A002F8292 /* FriendDetailsCollectionViewController.swift */,
				165481A826D95CA8002F8292 /* GroupsViewController.swift */,
				165481B426DCE450002F8292 /* AddGroupsViewController.swift */,
				16BA190A2704B4FE00EBD36B /* GroupsViewControllerProtocol.swift */,
				1662A93627073A2A004A52F8 /* VKWebLoginController.swift */,
				161A7E972719F41800AD1BF5 /* PhotoViewController.swift */,
				16C53F242741496B003E19ED /* NewsTableViewController.swift */,
				167BB17D282426F000F1CCE2 /* LoginViewControllerSwiftUI.swift */,
			);
			path = Controllers;
			sourceTree = "<group>";
		};
		16DF75B226CA7ECC00150AB2 /* View */ = {
			isa = PBXGroup;
			children = (
				1654819F26D7A667002F8292 /* Cells */,
			);
			path = View;
			sourceTree = "<group>";
		};
		16E1B98B27B3FFCC009774B5 /* PhotoService */ = {
			isa = PBXGroup;
			children = (
				16E1B9CA27B444F4009774B5 /* Extensions */,
				16E1B98C27B3FFEF009774B5 /* PhotoService.swift */,
			);
			path = PhotoService;
			sourceTree = "<group>";
		};
		16E1B9CA27B444F4009774B5 /* Extensions */ = {
			isa = PBXGroup;
			children = (
				16E1B9C827B4443B009774B5 /* UIImageView+load.swift */,
			);
			path = Extensions;
			sourceTree = "<group>";
		};
		45E89E3D005568CD444640EA /* Frameworks */ = {
			isa = PBXGroup;
			children = (
				A350B130D609C2E3EE59E2EA /* Pods_VKClientApp.framework */,
			);
			name = Frameworks;
			sourceTree = "<group>";
		};
		6413A74ADF330EF1BBF6B490 /* Pods */ = {
			isa = PBXGroup;
			children = (
				24DAD545DE6003A51EAD0990 /* Pods-VKClientApp.debug.xcconfig */,
				5D68C32E2062892D43EDE1C0 /* Pods-VKClientApp.release.xcconfig */,
			);
			path = Pods;
			sourceTree = "<group>";
		};
/* End PBXGroup section */

/* Begin PBXNativeTarget section */
		16DF759926CA7E3000150AB2 /* VKClientApp */ = {
			isa = PBXNativeTarget;
			buildConfigurationList = 16DF75AE26CA7E3100150AB2 /* Build configuration list for PBXNativeTarget "VKClientApp" */;
			buildPhases = (
				943D225C7124910322055257 /* [CP] Check Pods Manifest.lock */,
				16DF759626CA7E3000150AB2 /* Sources */,
				16DF759726CA7E3000150AB2 /* Frameworks */,
				16DF759826CA7E3000150AB2 /* Resources */,
				6FFA2FBB09CA82056E7AC0A6 /* [CP] Embed Pods Frameworks */,
			);
			buildRules = (
			);
			dependencies = (
			);
			name = VKClientApp;
			packageProductDependencies = (
				16D338A6282D0EB10054E0EE /* SDWebImageSwiftUI */,
				16B30A00282EE3A40061CC76 /* ASCollectionView */,
				16784B72283119840062AE6F /* CodingStyle */,
			);
			productName = VKClientApp;
			productReference = 16DF759A26CA7E3000150AB2 /* VKClientApp.app */;
			productType = "com.apple.product-type.application";
		};
/* End PBXNativeTarget section */

/* Begin PBXProject section */
		16DF759226CA7E2F00150AB2 /* Project object */ = {
			isa = PBXProject;
			attributes = {
				LastSwiftUpdateCheck = 1250;
				LastUpgradeCheck = 1250;
				TargetAttributes = {
					16DF759926CA7E3000150AB2 = {
						CreatedOnToolsVersion = 12.5.1;
					};
				};
			};
			buildConfigurationList = 16DF759526CA7E2F00150AB2 /* Build configuration list for PBXProject "VKClientApp" */;
			compatibilityVersion = "Xcode 9.3";
			developmentRegion = en;
			hasScannedForEncodings = 0;
			knownRegions = (
				en,
				Base,
			);
			mainGroup = 16DF759126CA7E2F00150AB2;
			packageReferences = (
				16D338A5282D0EB10054E0EE /* XCRemoteSwiftPackageReference "SDWebImageSwiftUI" */,
				16B309FF282EE3A40061CC76 /* XCRemoteSwiftPackageReference "ASCollectionView" */,
				16784B71283119840062AE6F /* XCRemoteSwiftPackageReference "CodingStyle" */,
			);
			productRefGroup = 16DF759B26CA7E3000150AB2 /* Products */;
			projectDirPath = "";
			projectRoot = "";
			targets = (
				16DF759926CA7E3000150AB2 /* VKClientApp */,
			);
		};
/* End PBXProject section */

/* Begin PBXResourcesBuildPhase section */
		16DF759826CA7E3000150AB2 /* Resources */ = {
			isa = PBXResourcesBuildPhase;
			buildActionMask = 2147483647;
			files = (
				16D89AE726E7C936000031AC /* FriendsSectionHeader.xib in Resources */,
				16C53F3B274507E5003E19ED /* NewsImageCell.xib in Resources */,
				165481B126D9606B002F8292 /* GroupsViewCell.xib in Resources */,
				16DF75A726CA7E3100150AB2 /* Assets.xcassets in Resources */,
				1693547F27468C0A00FFE851 /* NewsSourceCell.xib in Resources */,
				16A58F862791D4D80038E65B /* NewsFeedSectionHeaderView.xib in Resources */,
				16212F4A27E3AE47004B23D3 /* FriendCollectionViewCell.xib in Resources */,
				16C53F3F27450815003E19ED /* NewsLikesCell.xib in Resources */,
				1654819E26D7A65C002F8292 /* FriendsCell.xib in Resources */,
				16A58F802791D0F60038E65B /* NewsTextCell.xib in Resources */,
			);
			runOnlyForDeploymentPostprocessing = 0;
		};
/* End PBXResourcesBuildPhase section */

/* Begin PBXShellScriptBuildPhase section */
		6FFA2FBB09CA82056E7AC0A6 /* [CP] Embed Pods Frameworks */ = {
			isa = PBXShellScriptBuildPhase;
			buildActionMask = 2147483647;
			files = (
			);
			inputFileListPaths = (
				"${PODS_ROOT}/Target Support Files/Pods-VKClientApp/Pods-VKClientApp-frameworks-${CONFIGURATION}-input-files.xcfilelist",
			);
			name = "[CP] Embed Pods Frameworks";
			outputFileListPaths = (
				"${PODS_ROOT}/Target Support Files/Pods-VKClientApp/Pods-VKClientApp-frameworks-${CONFIGURATION}-output-files.xcfilelist",
			);
			runOnlyForDeploymentPostprocessing = 0;
			shellPath = /bin/sh;
			shellScript = "\"${PODS_ROOT}/Target Support Files/Pods-VKClientApp/Pods-VKClientApp-frameworks.sh\"\n";
			showEnvVarsInLog = 0;
		};
		943D225C7124910322055257 /* [CP] Check Pods Manifest.lock */ = {
			isa = PBXShellScriptBuildPhase;
			buildActionMask = 2147483647;
			files = (
			);
			inputFileListPaths = (
			);
			inputPaths = (
				"${PODS_PODFILE_DIR_PATH}/Podfile.lock",
				"${PODS_ROOT}/Manifest.lock",
			);
			name = "[CP] Check Pods Manifest.lock";
			outputFileListPaths = (
			);
			outputPaths = (
				"$(DERIVED_FILE_DIR)/Pods-VKClientApp-checkManifestLockResult.txt",
			);
			runOnlyForDeploymentPostprocessing = 0;
			shellPath = /bin/sh;
			shellScript = "diff \"${PODS_PODFILE_DIR_PATH}/Podfile.lock\" \"${PODS_ROOT}/Manifest.lock\" > /dev/null\nif [ $? != 0 ] ; then\n    # print error to STDERR\n    echo \"error: The sandbox is not in sync with the Podfile.lock. Run 'pod install' or update your CocoaPods installation.\" >&2\n    exit 1\nfi\n# This output is used by Xcode 'outputs' to avoid re-running this script phase.\necho \"SUCCESS\" > \"${SCRIPT_OUTPUT_FILE_0}\"\n";
			showEnvVarsInLog = 0;
		};
/* End PBXShellScriptBuildPhase section */

/* Begin PBXSourcesBuildPhase section */
		16DF759626CA7E3000150AB2 /* Sources */ = {
			isa = PBXSourcesBuildPhase;
			buildActionMask = 2147483647;
			files = (
				161A7E982719F41800AD1BF5 /* PhotoViewController.swift in Sources */,
				1641393F26D4134600287F22 /* FriendsViewController.swift in Sources */,
				16D3388B282BC09C0054E0EE /* GroupViewCell.swift in Sources */,
				16C53F252741496B003E19ED /* NewsTableViewController.swift in Sources */,
				1640A3D8271736CE0039A888 /* FriendsTableHeader.swift in Sources */,
				16807BB526F9290000A232F0 /* NavigationControllerAnimation.swift in Sources */,
				16212F3D27E353DE004B23D3 /* PhotoViewModel.swift in Sources */,
				165481B526DCE450002F8292 /* AddGroupsViewController.swift in Sources */,
				16E1B9C927B4443B009774B5 /* UIImageView+load.swift in Sources */,
				16212F4927E3AE47004B23D3 /* FriendCollectionViewCell.swift in Sources */,
				16C53F292742539A003E19ED /* PostNews.swift in Sources */,
				16C53F3A274507E5003E19ED /* NewsImageCell.swift in Sources */,
				16B4EFDE27DFC87C00A0D4AA /* News.swift in Sources */,
				1611E3D8275511A00062EC6D /* NewsProtocol.swift in Sources */,
				16D33893282CC8550054E0EE /* WebViewNavigationDelegate.swift in Sources */,
				16DF75A226CA7E3000150AB2 /* LoginViewController.swift in Sources */,
				16D3389A282CFB090054E0EE /* VKClientApp.swift in Sources */,
				16807BB726F9297100A232F0 /* CustomNavigationController.swift in Sources */,
				1654819726D6A365002F8292 /* User.swift in Sources */,
				1611E3DD2755F43B0062EC6D /* NewsSection.swift in Sources */,
				1640A3D52713A4B60039A888 /* ResponseCode.swift in Sources */,
				165481B026D9606B002F8292 /* GroupsViewCell.swift in Sources */,
				16C53F27274228C7003E19ED /* ResponseNews.swift in Sources */,
				16D33887282BAD100054E0EE /* ShadowModifier.swift in Sources */,
				16D338A9282D10EF0054E0EE /* FriendsViewModel.swift in Sources */,
				165481A926D95CA8002F8292 /* GroupsViewController.swift in Sources */,
				16D0EFEC27F8422300DDB0BC /* APIAdapterProxyProtocol.swift in Sources */,
				16D338AD282D130E0054E0EE /* PhotosViewModel.swift in Sources */,
				16D338AB282D115B0054E0EE /* GroupsViewModel.swift in Sources */,
				165D1DD8274D63D700CCAE51 /* PhotoNews.swift in Sources */,
				16D33889282BAFCF0054E0EE /* NameBuilder.swift in Sources */,
				167BB17A2822CFE500F1CCE2 /* AuthView.swift in Sources */,
				16212F4627E35D19004B23D3 /* PhotoViewModelFactory.swift in Sources */,
				167BB17C28230C5000F1CCE2 /* UIApplication+endEditing.swift in Sources */,
				16D0EFEA27F841FD00DDB0BC /* APIAdapterProxy.swift in Sources */,
				165481A126D7CF1A002F8292 /* FriendDetailsCollectionViewController.swift in Sources */,
				16D33897282CCF360054E0EE /* TabBarView.swift in Sources */,
				16E1B98D27B3FFEF009774B5 /* PhotoService.swift in Sources */,
				1654819A26D6A3F8002F8292 /* Group.swift in Sources */,
				169772A327AB1C370067FFE0 /* ParseDataOperation.swift in Sources */,
				16BA190B2704B4FE00EBD36B /* GroupsViewControllerProtocol.swift in Sources */,
				16BCDAAD270DFE240066B16C /*  Response.swift in Sources */,
				16BA1908270484F800EBD36B /* AppSettings.swift in Sources */,
				160AC84126DFC0190044FE5D /* ShadowView.swift in Sources */,
				16851D6A26F699B400BF3A55 /* Direction.swift in Sources */,
				16D3389C282D03240054E0EE /* FriendsView.swift in Sources */,
				16D338A4282D0BAC0054E0EE /* PhotoViewCell.swift in Sources */,
				16D33883282BAC2E0054E0EE /* FriendViewCell.swift in Sources */,
				16C53F3E27450814003E19ED /* NewsLikesCell.swift in Sources */,
				1661E693271D5AA700E57BC0 /* RealmService.swift in Sources */,
				169772A127AB16F90067FFE0 /* RestApiOperation.swift in Sources */,
				1640A3D327133DB70039A888 /* Image.swift in Sources */,
				16212F3B27E3507A004B23D3 /* EntityViewModel.swift in Sources */,
				16212F4227E3592D004B23D3 /* UserViewModelFactory.swift in Sources */,
				16CFC2DF27BAA20F00454C9B /* PhotoDataProvider.swift in Sources */,
				1662A93C27076694004A52F8 /* EndPoint.swift in Sources */,
				164A1BB127BA85E6005C5BED /* ImageProvider.swift in Sources */,
				16C106AA27AED37B001E548A /* IdProtocol.swift in Sources */,
				1693547E27468C0A00FFE851 /* NewsSourceCell.swift in Sources */,
				16C73E982791A8C400B11E45 /* NewsImage.swift in Sources */,
				1697729F27AB16650067FFE0 /* AsyncOperation.swift in Sources */,
				167012BA27D9F2BC00C26F1F /* APIAdapter.swift in Sources */,
				16C49BBC27A103ED00C9F537 /* NewsAttachment.swift in Sources */,
				1662A93727073A2A004A52F8 /* VKWebLoginController.swift in Sources */,
				16D77D62270327E0001973DF /* SessionSettings.swift in Sources */,
				1643176A274D6EF5009695A7 /* NewsPhoto.swift in Sources */,
				1662A93A2707592A004A52F8 /* APIService.swift in Sources */,
				1654819D26D7A65C002F8292 /* FriendsCell.swift in Sources */,
				167BB17E282426F000F1CCE2 /* LoginViewControllerSwiftUI.swift in Sources */,
				169772A527AB291A0067FFE0 /* RealmDeleteOperation.swift in Sources */,
				16D338AF282D2AAC0054E0EE /* FriendPhotosView.swift in Sources */,
				16D89AE526E7C493000031AC /* FriendsSectionHeader.swift in Sources */,
				16212F4427E35BF8004B23D3 /* GroupViewModelFactory.swift in Sources */,
				1640A3D127133CCC0039A888 /* Photo.swift in Sources */,
				169DD8B1276235E300769DA6 /* NewsFlags.swift in Sources */,
				167012B527D92D6700C26F1F /* UIColor+ApplicationColors.swift in Sources */,
				16D338A0282D08FB0054E0EE /* NewsView.swift in Sources */,
				16D33885282BACD00054E0EE /* LogoBuilder.swift in Sources */,
				16C106A227ABF9F6001E548A /* RealmInsertOperation.swift in Sources */,
				16D338A2282D09EF0054E0EE /* GroupsView.swift in Sources */,
				16212F4C27E3BCA4004B23D3 /* NewsSectionFactory.swift in Sources */,
				167012BC27D9F36900C26F1F /* APIAdapterProtocol.swift in Sources */,
				16D33895282CCEC10054E0EE /* ContentView.swift in Sources */,
				16B30A03282F5FA40061CC76 /* DetachableObject.swift in Sources */,
				16D33891282CC6A10054E0EE /* WebLoginView.swift in Sources */,
				164A1BAF27BA800D005C5BED /* NewsDataProvider.swift in Sources */,
				169354812746B6E000FFE851 /* CellConfigurationProtocol.swift in Sources */,
				16212F3F27E35519004B23D3 /* NewsViewModel.swift in Sources */,
				16C106A427AC0E8F001E548A /* QueuedOperations.swift in Sources */,
				16A58F7F2791D0F60038E65B /* NewsTextCell.swift in Sources */,
			);
			runOnlyForDeploymentPostprocessing = 0;
		};
/* End PBXSourcesBuildPhase section */

/* Begin XCBuildConfiguration section */
		16DF75AC26CA7E3100150AB2 /* Debug */ = {
			isa = XCBuildConfiguration;
			buildSettings = {
				ALWAYS_SEARCH_USER_PATHS = NO;
				CLANG_ANALYZER_NONNULL = YES;
				CLANG_ANALYZER_NUMBER_OBJECT_CONVERSION = YES_AGGRESSIVE;
				CLANG_CXX_LANGUAGE_STANDARD = "gnu++14";
				CLANG_CXX_LIBRARY = "libc++";
				CLANG_ENABLE_MODULES = YES;
				CLANG_ENABLE_OBJC_ARC = YES;
				CLANG_ENABLE_OBJC_WEAK = YES;
				CLANG_WARN_BLOCK_CAPTURE_AUTORELEASING = YES;
				CLANG_WARN_BOOL_CONVERSION = YES;
				CLANG_WARN_COMMA = YES;
				CLANG_WARN_CONSTANT_CONVERSION = YES;
				CLANG_WARN_DEPRECATED_OBJC_IMPLEMENTATIONS = YES;
				CLANG_WARN_DIRECT_OBJC_ISA_USAGE = YES_ERROR;
				CLANG_WARN_DOCUMENTATION_COMMENTS = YES;
				CLANG_WARN_EMPTY_BODY = YES;
				CLANG_WARN_ENUM_CONVERSION = YES;
				CLANG_WARN_INFINITE_RECURSION = YES;
				CLANG_WARN_INT_CONVERSION = YES;
				CLANG_WARN_NON_LITERAL_NULL_CONVERSION = YES;
				CLANG_WARN_OBJC_IMPLICIT_RETAIN_SELF = YES;
				CLANG_WARN_OBJC_LITERAL_CONVERSION = YES;
				CLANG_WARN_OBJC_ROOT_CLASS = YES_ERROR;
				CLANG_WARN_QUOTED_INCLUDE_IN_FRAMEWORK_HEADER = YES;
				CLANG_WARN_RANGE_LOOP_ANALYSIS = YES;
				CLANG_WARN_STRICT_PROTOTYPES = YES;
				CLANG_WARN_SUSPICIOUS_MOVE = YES;
				CLANG_WARN_UNGUARDED_AVAILABILITY = YES_AGGRESSIVE;
				CLANG_WARN_UNREACHABLE_CODE = YES;
				CLANG_WARN__DUPLICATE_METHOD_MATCH = YES;
				COPY_PHASE_STRIP = NO;
				DEBUG_INFORMATION_FORMAT = dwarf;
				ENABLE_STRICT_OBJC_MSGSEND = YES;
				ENABLE_TESTABILITY = YES;
				GCC_C_LANGUAGE_STANDARD = gnu11;
				GCC_DYNAMIC_NO_PIC = NO;
				GCC_NO_COMMON_BLOCKS = YES;
				GCC_OPTIMIZATION_LEVEL = 0;
				GCC_PREPROCESSOR_DEFINITIONS = (
					"DEBUG=1",
					"$(inherited)",
				);
				GCC_WARN_64_TO_32_BIT_CONVERSION = YES;
				GCC_WARN_ABOUT_RETURN_TYPE = YES_ERROR;
				GCC_WARN_UNDECLARED_SELECTOR = YES;
				GCC_WARN_UNINITIALIZED_AUTOS = YES_AGGRESSIVE;
				GCC_WARN_UNUSED_FUNCTION = YES;
				GCC_WARN_UNUSED_VARIABLE = YES;
				IPHONEOS_DEPLOYMENT_TARGET = 15.0;
				MTL_ENABLE_DEBUG_INFO = INCLUDE_SOURCE;
				MTL_FAST_MATH = YES;
				ONLY_ACTIVE_ARCH = YES;
				SDKROOT = iphoneos;
				SWIFT_ACTIVE_COMPILATION_CONDITIONS = DEBUG;
				SWIFT_COMPILATION_MODE = wholemodule;
				SWIFT_OPTIMIZATION_LEVEL = "-Onone";
			};
			name = Debug;
		};
		16DF75AD26CA7E3100150AB2 /* Release */ = {
			isa = XCBuildConfiguration;
			buildSettings = {
				ALWAYS_SEARCH_USER_PATHS = NO;
				CLANG_ANALYZER_NONNULL = YES;
				CLANG_ANALYZER_NUMBER_OBJECT_CONVERSION = YES_AGGRESSIVE;
				CLANG_CXX_LANGUAGE_STANDARD = "gnu++14";
				CLANG_CXX_LIBRARY = "libc++";
				CLANG_ENABLE_MODULES = YES;
				CLANG_ENABLE_OBJC_ARC = YES;
				CLANG_ENABLE_OBJC_WEAK = YES;
				CLANG_WARN_BLOCK_CAPTURE_AUTORELEASING = YES;
				CLANG_WARN_BOOL_CONVERSION = YES;
				CLANG_WARN_COMMA = YES;
				CLANG_WARN_CONSTANT_CONVERSION = YES;
				CLANG_WARN_DEPRECATED_OBJC_IMPLEMENTATIONS = YES;
				CLANG_WARN_DIRECT_OBJC_ISA_USAGE = YES_ERROR;
				CLANG_WARN_DOCUMENTATION_COMMENTS = YES;
				CLANG_WARN_EMPTY_BODY = YES;
				CLANG_WARN_ENUM_CONVERSION = YES;
				CLANG_WARN_INFINITE_RECURSION = YES;
				CLANG_WARN_INT_CONVERSION = YES;
				CLANG_WARN_NON_LITERAL_NULL_CONVERSION = YES;
				CLANG_WARN_OBJC_IMPLICIT_RETAIN_SELF = YES;
				CLANG_WARN_OBJC_LITERAL_CONVERSION = YES;
				CLANG_WARN_OBJC_ROOT_CLASS = YES_ERROR;
				CLANG_WARN_QUOTED_INCLUDE_IN_FRAMEWORK_HEADER = YES;
				CLANG_WARN_RANGE_LOOP_ANALYSIS = YES;
				CLANG_WARN_STRICT_PROTOTYPES = YES;
				CLANG_WARN_SUSPICIOUS_MOVE = YES;
				CLANG_WARN_UNGUARDED_AVAILABILITY = YES_AGGRESSIVE;
				CLANG_WARN_UNREACHABLE_CODE = YES;
				CLANG_WARN__DUPLICATE_METHOD_MATCH = YES;
				COPY_PHASE_STRIP = NO;
				DEBUG_INFORMATION_FORMAT = "dwarf-with-dsym";
				ENABLE_NS_ASSERTIONS = NO;
				ENABLE_STRICT_OBJC_MSGSEND = YES;
				GCC_C_LANGUAGE_STANDARD = gnu11;
				GCC_NO_COMMON_BLOCKS = YES;
				GCC_WARN_64_TO_32_BIT_CONVERSION = YES;
				GCC_WARN_ABOUT_RETURN_TYPE = YES_ERROR;
				GCC_WARN_UNDECLARED_SELECTOR = YES;
				GCC_WARN_UNINITIALIZED_AUTOS = YES_AGGRESSIVE;
				GCC_WARN_UNUSED_FUNCTION = YES;
				GCC_WARN_UNUSED_VARIABLE = YES;
				IPHONEOS_DEPLOYMENT_TARGET = 15.0;
				MTL_ENABLE_DEBUG_INFO = NO;
				MTL_FAST_MATH = YES;
				SDKROOT = iphoneos;
				SWIFT_COMPILATION_MODE = wholemodule;
				SWIFT_OPTIMIZATION_LEVEL = "-O";
				VALIDATE_PRODUCT = YES;
			};
			name = Release;
		};
		16DF75AF26CA7E3100150AB2 /* Debug */ = {
			isa = XCBuildConfiguration;
			baseConfigurationReference = 24DAD545DE6003A51EAD0990 /* Pods-VKClientApp.debug.xcconfig */;
			buildSettings = {
				ASSETCATALOG_COMPILER_APPICON_NAME = AppIcon;
				ASSETCATALOG_COMPILER_GLOBAL_ACCENT_COLOR_NAME = AccentColor;
				CODE_SIGN_STYLE = Automatic;
				DEVELOPMENT_TEAM = 3FDD944J59;
				INFOPLIST_FILE = VKClientApp/Info.plist;
				IPHONEOS_DEPLOYMENT_TARGET = 14.0;
				LD_RUNPATH_SEARCH_PATHS = (
					"$(inherited)",
					"@executable_path/Frameworks",
				);
				PRODUCT_BUNDLE_IDENTIFIER = com.alexey.shinkarev.VKClientApp;
				PRODUCT_NAME = "$(TARGET_NAME)";
				SWIFT_VERSION = 5.0;
				TARGETED_DEVICE_FAMILY = "1,2";
			};
			name = Debug;
		};
		16DF75B026CA7E3100150AB2 /* Release */ = {
			isa = XCBuildConfiguration;
			baseConfigurationReference = 5D68C32E2062892D43EDE1C0 /* Pods-VKClientApp.release.xcconfig */;
			buildSettings = {
				ASSETCATALOG_COMPILER_APPICON_NAME = AppIcon;
				ASSETCATALOG_COMPILER_GLOBAL_ACCENT_COLOR_NAME = AccentColor;
				CODE_SIGN_STYLE = Automatic;
				DEVELOPMENT_TEAM = 3FDD944J59;
				INFOPLIST_FILE = VKClientApp/Info.plist;
				IPHONEOS_DEPLOYMENT_TARGET = 14.0;
				LD_RUNPATH_SEARCH_PATHS = (
					"$(inherited)",
					"@executable_path/Frameworks",
				);
				PRODUCT_BUNDLE_IDENTIFIER = com.alexey.shinkarev.VKClientApp;
				PRODUCT_NAME = "$(TARGET_NAME)";
				SWIFT_VERSION = 5.0;
				TARGETED_DEVICE_FAMILY = "1,2";
			};
			name = Release;
		};
/* End XCBuildConfiguration section */

/* Begin XCConfigurationList section */
		16DF759526CA7E2F00150AB2 /* Build configuration list for PBXProject "VKClientApp" */ = {
			isa = XCConfigurationList;
			buildConfigurations = (
				16DF75AC26CA7E3100150AB2 /* Debug */,
				16DF75AD26CA7E3100150AB2 /* Release */,
			);
			defaultConfigurationIsVisible = 0;
			defaultConfigurationName = Release;
		};
		16DF75AE26CA7E3100150AB2 /* Build configuration list for PBXNativeTarget "VKClientApp" */ = {
			isa = XCConfigurationList;
			buildConfigurations = (
				16DF75AF26CA7E3100150AB2 /* Debug */,
				16DF75B026CA7E3100150AB2 /* Release */,
			);
			defaultConfigurationIsVisible = 0;
			defaultConfigurationName = Release;
		};
/* End XCConfigurationList section */

/* Begin XCRemoteSwiftPackageReference section */
		16784B71283119840062AE6F /* XCRemoteSwiftPackageReference "CodingStyle" */ = {
			isa = XCRemoteSwiftPackageReference;
			repositoryURL = "https://github.com/ads63/CodingStyle/";
			requirement = {
				branch = develop;
				kind = branch;
			};
		};
		16B309FF282EE3A40061CC76 /* XCRemoteSwiftPackageReference "ASCollectionView" */ = {
			isa = XCRemoteSwiftPackageReference;
			repositoryURL = "https://github.com/apptekstudios/ASCollectionView";
			requirement = {
				kind = upToNextMajorVersion;
				minimumVersion = 2.0.0;
			};
		};
		16D338A5282D0EB10054E0EE /* XCRemoteSwiftPackageReference "SDWebImageSwiftUI" */ = {
			isa = XCRemoteSwiftPackageReference;
			repositoryURL = "https://github.com/SDWebImage/SDWebImageSwiftUI";
			requirement = {
				kind = upToNextMajorVersion;
				minimumVersion = 2.0.0;
			};
		};
/* End XCRemoteSwiftPackageReference section */

/* Begin XCSwiftPackageProductDependency section */
		16784B72283119840062AE6F /* CodingStyle */ = {
			isa = XCSwiftPackageProductDependency;
			package = 16784B71283119840062AE6F /* XCRemoteSwiftPackageReference "CodingStyle" */;
			productName = CodingStyle;
		};
		16B30A00282EE3A40061CC76 /* ASCollectionView */ = {
			isa = XCSwiftPackageProductDependency;
			package = 16B309FF282EE3A40061CC76 /* XCRemoteSwiftPackageReference "ASCollectionView" */;
			productName = ASCollectionView;
		};
		16D338A6282D0EB10054E0EE /* SDWebImageSwiftUI */ = {
			isa = XCSwiftPackageProductDependency;
			package = 16D338A5282D0EB10054E0EE /* XCRemoteSwiftPackageReference "SDWebImageSwiftUI" */;
			productName = SDWebImageSwiftUI;
		};
/* End XCSwiftPackageProductDependency section */
	};
	rootObject = 16DF759226CA7E2F00150AB2 /* Project object */;
}
